// !$*UTF8*$!
{
	archiveVersion = 1;
	classes = {
	};
	objectVersion = 46;
	objects = {

/* Begin PBXBuildFile section */
		0210D46F1CBE0A360097D5D9 /* DataModel.xcdatamodeld in Sources */ = {isa = PBXBuildFile; fileRef = 0210D46D1CBE0A360097D5D9 /* DataModel.xcdatamodeld */; };
		0211B2101AAE37FB00947C45 /* HinnerJagKit.h in Headers */ = {isa = PBXBuildFile; fileRef = 0211B20F1AAE37FB00947C45 /* HinnerJagKit.h */; settings = {ATTRIBUTES = (Public, ); }; };
		0211B2161AAE37FC00947C45 /* HinnerJagKit.framework in Frameworks */ = {isa = PBXBuildFile; fileRef = 0211B20B1AAE37FB00947C45 /* HinnerJagKit.framework */; };
		0211B21F1AAE37FC00947C45 /* HinnerJagKitTests.swift in Sources */ = {isa = PBXBuildFile; fileRef = 0211B21E1AAE37FC00947C45 /* HinnerJagKitTests.swift */; };
		0211B2221AAE37FC00947C45 /* HinnerJagKit.framework in Frameworks */ = {isa = PBXBuildFile; fileRef = 0211B20B1AAE37FB00947C45 /* HinnerJagKit.framework */; };
		0211B2231AAE37FC00947C45 /* HinnerJagKit.framework in Embed Frameworks */ = {isa = PBXBuildFile; fileRef = 0211B20B1AAE37FB00947C45 /* HinnerJagKit.framework */; settings = {ATTRIBUTES = (CodeSignOnCopy, RemoveHeadersOnCopy, ); }; };
		0211B22E1AAE387500947C45 /* RealtimeDepartures.swift in Sources */ = {isa = PBXBuildFile; fileRef = 0211B22D1AAE387500947C45 /* RealtimeDepartures.swift */; };
		0211B2301AAE389A00947C45 /* LocateStation.swift in Sources */ = {isa = PBXBuildFile; fileRef = 0211B22F1AAE389A00947C45 /* LocateStation.swift */; };
		0211B2321AAE38B100947C45 /* Departure.swift in Sources */ = {isa = PBXBuildFile; fileRef = 0211B2311AAE38B100947C45 /* Departure.swift */; };
		0211B2471AAE4BB000947C45 /* NotificationCenter.framework in Frameworks */ = {isa = PBXBuildFile; fileRef = 0211B2461AAE4BB000947C45 /* NotificationCenter.framework */; };
		0211B24C1AAE4BB000947C45 /* TodayViewController.swift in Sources */ = {isa = PBXBuildFile; fileRef = 0211B24B1AAE4BB000947C45 /* TodayViewController.swift */; };
		0211B24E1AAE4BB000947C45 /* MainInterface.storyboard in Resources */ = {isa = PBXBuildFile; fileRef = 0211B24D1AAE4BB000947C45 /* MainInterface.storyboard */; };
		0211B2511AAE4BB000947C45 /* Hinner jag widget.appex in Embed App Extensions */ = {isa = PBXBuildFile; fileRef = 0211B2441AAE4BB000947C45 /* Hinner jag widget.appex */; settings = {ATTRIBUTES = (RemoveHeadersOnCopy, ); }; };
		0230E36B1CBC24E80021D962 /* Main.storyboard in Resources */ = {isa = PBXBuildFile; fileRef = 0230E3691CBC24E80021D962 /* Main.storyboard */; };
		0236B3D11ABE218300EDF6C8 /* libGoogleAnalyticsServices.a in Frameworks */ = {isa = PBXBuildFile; fileRef = 02B11BB11ABA42EB003ACD06 /* libGoogleAnalyticsServices.a */; };
		0236B3D21ABE219600EDF6C8 /* libGoogleAnalyticsServices.a in Frameworks */ = {isa = PBXBuildFile; fileRef = 02B11BB11ABA42EB003ACD06 /* libGoogleAnalyticsServices.a */; };
		0236B3D31ABE21A600EDF6C8 /* libGoogleAnalyticsServices.a in Frameworks */ = {isa = PBXBuildFile; fileRef = 02B11BB11ABA42EB003ACD06 /* libGoogleAnalyticsServices.a */; };
		023F4B7A1AE8C05A00706872 /* test_departures_9510_karlberg.json in Resources */ = {isa = PBXBuildFile; fileRef = 023F4B791AE8C05A00706872 /* test_departures_9510_karlberg.json */; };
		023F4B7C1AEA15F500706872 /* test_departures_9520_sodertalje_centrum.json in Resources */ = {isa = PBXBuildFile; fileRef = 023F4B7B1AEA15F500706872 /* test_departures_9520_sodertalje_centrum.json */; };
		023F4B7E1AEA168100706872 /* test_departures_9530_stockholms_sodra.json in Resources */ = {isa = PBXBuildFile; fileRef = 023F4B7D1AEA168100706872 /* test_departures_9530_stockholms_sodra.json */; };
		0248BCB11C9CB5E500F0F05A /* NSTimerExtension.swift in Sources */ = {isa = PBXBuildFile; fileRef = 0248BCB01C9CB5E500F0F05A /* NSTimerExtension.swift */; };
		024965321CCEA47F00A1C97A /* BWWalkThroughVideoViewController.swift in Sources */ = {isa = PBXBuildFile; fileRef = 024965311CCEA47F00A1C97A /* BWWalkThroughVideoViewController.swift */; };
		024965361CCEA69300A1C97A /* MediaPlayer.framework in Frameworks */ = {isa = PBXBuildFile; fileRef = 024965351CCEA69300A1C97A /* MediaPlayer.framework */; };
		0262F4241CC39A3400028D5B /* journeypatternpoints.json in Resources */ = {isa = PBXBuildFile; fileRef = 0262F4231CC39A3400028D5B /* journeypatternpoints.json */; };
		028143551CA1E82700A6D4D7 /* AppDelegate.swift in Sources */ = {isa = PBXBuildFile; fileRef = 028143541CA1E82700A6D4D7 /* AppDelegate.swift */; };
		028143571CA1E8C500A6D4D7 /* MapViewController.swift in Sources */ = {isa = PBXBuildFile; fileRef = 028143561CA1E8C500A6D4D7 /* MapViewController.swift */; };
		028143591CA1E91200A6D4D7 /* MainAppViewController.swift in Sources */ = {isa = PBXBuildFile; fileRef = 028143581CA1E91200A6D4D7 /* MainAppViewController.swift */; };
		0281435B1CA1E95700A6D4D7 /* BWWalkthroughViewController.swift in Sources */ = {isa = PBXBuildFile; fileRef = 0281435A1CA1E95700A6D4D7 /* BWWalkthroughViewController.swift */; };
		0281435D1CA1E97D00A6D4D7 /* BWWalkthroughPageViewController.swift in Sources */ = {isa = PBXBuildFile; fileRef = 0281435C1CA1E97D00A6D4D7 /* BWWalkthroughPageViewController.swift */; };
		028143621CA1EA8200A6D4D7 /* Images.xcassets in Resources */ = {isa = PBXBuildFile; fileRef = 028143611CA1EA8200A6D4D7 /* Images.xcassets */; };
		028143631CA1EAA000A6D4D7 /* Images.xcassets in Resources */ = {isa = PBXBuildFile; fileRef = 028143611CA1EA8200A6D4D7 /* Images.xcassets */; };
		029149161B7A7F4100DAE8BD /* libGoogleAnalyticsServices.a in Frameworks */ = {isa = PBXBuildFile; fileRef = 0236B3CF1ABE213B00EDF6C8 /* libGoogleAnalyticsServices.a */; };
		029149171B7A7F7E00DAE8BD /* TravelHeaderCell.swift in Sources */ = {isa = PBXBuildFile; fileRef = 02DDF8481ABDAFAE00A9AF12 /* TravelHeaderCell.swift */; };
		029149181B7A7F8000DAE8BD /* TravelHeaderCell.swift in Sources */ = {isa = PBXBuildFile; fileRef = 02DDF8481ABDAFAE00A9AF12 /* TravelHeaderCell.swift */; };
		029149191B7A7FA800DAE8BD /* GAIExtendViewControllers.swift in Sources */ = {isa = PBXBuildFile; fileRef = 02B11BAE1ABA4165003ACD06 /* GAIExtendViewControllers.swift */; };
		0291491A1B7A7FA900DAE8BD /* GAIExtendViewControllers.swift in Sources */ = {isa = PBXBuildFile; fileRef = 02B11BAE1ABA4165003ACD06 /* GAIExtendViewControllers.swift */; };
		0291491C1B7A833300DAE8BD /* HinnerJagTableViewController.swift in Sources */ = {isa = PBXBuildFile; fileRef = 022DE4861AC819AD000E9462 /* HinnerJagTableViewController.swift */; };
		0291491D1B7A833400DAE8BD /* HinnerJagTableViewController.swift in Sources */ = {isa = PBXBuildFile; fileRef = 022DE4861AC819AD000E9462 /* HinnerJagTableViewController.swift */; };
		0291491E1B7A835500DAE8BD /* HeadlineCell.swift in Sources */ = {isa = PBXBuildFile; fileRef = 022DE4831AC8188F000E9462 /* HeadlineCell.swift */; };
		0291491F1B7A835600DAE8BD /* HeadlineCell.swift in Sources */ = {isa = PBXBuildFile; fileRef = 022DE4831AC8188F000E9462 /* HeadlineCell.swift */; };
		0295BEB41C9DCA12005669EB /* UtilsTests.swift in Sources */ = {isa = PBXBuildFile; fileRef = 0295BEB31C9DCA12005669EB /* UtilsTests.swift */; };
		0295DD441AC7F6E500D850BA /* Utils.swift in Sources */ = {isa = PBXBuildFile; fileRef = 0295DD431AC7F6E500D850BA /* Utils.swift */; };
		0299B6941CCFEBAB003CEDE8 /* screen_intro.mp4 in Resources */ = {isa = PBXBuildFile; fileRef = 0299B6931CCFEBAB003CEDE8 /* screen_intro.mp4 */; };
		0299B6A91CD00684003CEDE8 /* Constants.swift in Sources */ = {isa = PBXBuildFile; fileRef = 0299B6A81CD00684003CEDE8 /* Constants.swift */; };
		0299D1931CA1ECD00027AB10 /* LaunchScreen.xib in Resources */ = {isa = PBXBuildFile; fileRef = 0299D1911CA1ECD00027AB10 /* LaunchScreen.xib */; };
		02B11BA21ABA3D02003ACD06 /* GAI.h in Headers */ = {isa = PBXBuildFile; fileRef = 02B11B981ABA3D02003ACD06 /* GAI.h */; settings = {ATTRIBUTES = (Public, ); }; };
		02B11BA31ABA3D02003ACD06 /* GAIDictionaryBuilder.h in Headers */ = {isa = PBXBuildFile; fileRef = 02B11B991ABA3D02003ACD06 /* GAIDictionaryBuilder.h */; settings = {ATTRIBUTES = (Public, ); }; };
		02B11BA41ABA3D02003ACD06 /* GAIEcommerceFields.h in Headers */ = {isa = PBXBuildFile; fileRef = 02B11B9A1ABA3D02003ACD06 /* GAIEcommerceFields.h */; settings = {ATTRIBUTES = (Public, ); }; };
		02B11BA51ABA3D02003ACD06 /* GAIEcommerceProduct.h in Headers */ = {isa = PBXBuildFile; fileRef = 02B11B9B1ABA3D02003ACD06 /* GAIEcommerceProduct.h */; settings = {ATTRIBUTES = (Public, ); }; };
		02B11BA61ABA3D02003ACD06 /* GAIEcommerceProductAction.h in Headers */ = {isa = PBXBuildFile; fileRef = 02B11B9C1ABA3D02003ACD06 /* GAIEcommerceProductAction.h */; settings = {ATTRIBUTES = (Public, ); }; };
		02B11BA71ABA3D02003ACD06 /* GAIEcommercePromotion.h in Headers */ = {isa = PBXBuildFile; fileRef = 02B11B9D1ABA3D02003ACD06 /* GAIEcommercePromotion.h */; settings = {ATTRIBUTES = (Public, ); }; };
		02B11BA81ABA3D02003ACD06 /* GAIFields.h in Headers */ = {isa = PBXBuildFile; fileRef = 02B11B9E1ABA3D02003ACD06 /* GAIFields.h */; settings = {ATTRIBUTES = (Public, ); }; };
		02B11BA91ABA3D02003ACD06 /* GAILogger.h in Headers */ = {isa = PBXBuildFile; fileRef = 02B11B9F1ABA3D02003ACD06 /* GAILogger.h */; settings = {ATTRIBUTES = (Public, ); }; };
		02B11BAA1ABA3D02003ACD06 /* GAITrackedViewController.h in Headers */ = {isa = PBXBuildFile; fileRef = 02B11BA01ABA3D02003ACD06 /* GAITrackedViewController.h */; settings = {ATTRIBUTES = (Public, ); }; };
		02B11BAB1ABA3D02003ACD06 /* GAITracker.h in Headers */ = {isa = PBXBuildFile; fileRef = 02B11BA11ABA3D02003ACD06 /* GAITracker.h */; settings = {ATTRIBUTES = (Public, ); }; };
		02B11BB41ABA430B003ACD06 /* CoreData.framework in Frameworks */ = {isa = PBXBuildFile; fileRef = 02B11BB31ABA430B003ACD06 /* CoreData.framework */; };
		02B11BB61ABA431E003ACD06 /* SystemConfiguration.framework in Frameworks */ = {isa = PBXBuildFile; fileRef = 02B11BB51ABA431E003ACD06 /* SystemConfiguration.framework */; };
		02B11BB81ABA4331003ACD06 /* libz.dylib in Frameworks */ = {isa = PBXBuildFile; fileRef = 02B11BB71ABA4331003ACD06 /* libz.dylib */; };
		02B11BBB1ABA43A6003ACD06 /* CoreData.framework in Frameworks */ = {isa = PBXBuildFile; fileRef = 02B11BB31ABA430B003ACD06 /* CoreData.framework */; };
		02B11BBC1ABA43B0003ACD06 /* SystemConfiguration.framework in Frameworks */ = {isa = PBXBuildFile; fileRef = 02B11BB51ABA431E003ACD06 /* SystemConfiguration.framework */; };
		02B11BBD1ABA43B9003ACD06 /* libz.dylib in Frameworks */ = {isa = PBXBuildFile; fileRef = 02B11BB71ABA4331003ACD06 /* libz.dylib */; };
		02B11BC11ABA48C9003ACD06 /* SystemConfiguration.framework in Frameworks */ = {isa = PBXBuildFile; fileRef = 02B11BB51ABA431E003ACD06 /* SystemConfiguration.framework */; };
		02B11BC21ABA48D2003ACD06 /* CoreData.framework in Frameworks */ = {isa = PBXBuildFile; fileRef = 02B11BB31ABA430B003ACD06 /* CoreData.framework */; };
		02B11BC31ABA48DA003ACD06 /* libz.dylib in Frameworks */ = {isa = PBXBuildFile; fileRef = 02B11BB71ABA4331003ACD06 /* libz.dylib */; };
		02B68E521AC5B36D00EFAA66 /* test_departures.json in Resources */ = {isa = PBXBuildFile; fileRef = 02B68E511AC5B36D00EFAA66 /* test_departures.json */; };
		02C0B85E1C1768FC00FF00A1 /* RealtimeDeparturesTests.swift in Sources */ = {isa = PBXBuildFile; fileRef = 02C0B85D1C1768FC00FF00A1 /* RealtimeDeparturesTests.swift */; };
		02C592A11B013EAD002A88E4 /* test_departures_9720_nynashamn.json in Resources */ = {isa = PBXBuildFile; fileRef = 02C592A01B013EAD002A88E4 /* test_departures_9720_nynashamn.json */; };
		02C592A51B013FD4002A88E4 /* test_departures_9325_sundbyberg.json in Resources */ = {isa = PBXBuildFile; fileRef = 02C592A41B013FD4002A88E4 /* test_departures_9325_sundbyberg.json */; };
		02C592A71B0140A5002A88E4 /* test_departures_9180_farsta_strand.json in Resources */ = {isa = PBXBuildFile; fileRef = 02C592A61B0140A5002A88E4 /* test_departures_9180_farsta_strand.json */; };
		02D05B871CBEB58A00BDF4DE /* CoreDataStore.swift in Sources */ = {isa = PBXBuildFile; fileRef = 02D05B861CBEB58A00BDF4DE /* CoreDataStore.swift */; };
		02D05B881CBEB64000BDF4DE /* LocateStationIOS.swift in Sources */ = {isa = PBXBuildFile; fileRef = 0227D92F1BDFFF9E00E734BB /* LocateStationIOS.swift */; };
		02D05B921CBED1B400BDF4DE /* Site.swift in Sources */ = {isa = PBXBuildFile; fileRef = 02D05B8C1CBED1B400BDF4DE /* Site.swift */; };
		02D05B941CBED1B400BDF4DE /* JourneyPattern.swift in Sources */ = {isa = PBXBuildFile; fileRef = 02D05B8E1CBED1B400BDF4DE /* JourneyPattern.swift */; };
		02D05B961CBED1B400BDF4DE /* Line.swift in Sources */ = {isa = PBXBuildFile; fileRef = 02D05B901CBED1B400BDF4DE /* Line.swift */; };
		02D05BA31CBEE01100BDF4DE /* TransportType.swift in Sources */ = {isa = PBXBuildFile; fileRef = 02D05BA21CBEE01100BDF4DE /* TransportType.swift */; };
		02D2D70A1CFC157200FED0EC /* Site+CoreDataProperties.swift in Sources */ = {isa = PBXBuildFile; fileRef = 02D2D7061CFC157200FED0EC /* Site+CoreDataProperties.swift */; };
		02D2D70C1CFC157200FED0EC /* JourneyPattern+CoreDataProperties.swift in Sources */ = {isa = PBXBuildFile; fileRef = 02D2D7071CFC157200FED0EC /* JourneyPattern+CoreDataProperties.swift */; };
		02D2D70E1CFC157200FED0EC /* Line+CoreDataProperties.swift in Sources */ = {isa = PBXBuildFile; fileRef = 02D2D7081CFC157200FED0EC /* Line+CoreDataProperties.swift */; };
		02D2D7101CFC157200FED0EC /* StopArea+CoreDataProperties.swift in Sources */ = {isa = PBXBuildFile; fileRef = 02D2D7091CFC157200FED0EC /* StopArea+CoreDataProperties.swift */; };
		02D2D7131CFC15C500FED0EC /* StopArea.swift in Sources */ = {isa = PBXBuildFile; fileRef = 02D2D7121CFC15C500FED0EC /* StopArea.swift */; };
		02D36C021E1F0ADA00E4AE5F /* CoreSpotlight.framework in Frameworks */ = {isa = PBXBuildFile; fileRef = 02D36C011E1F0ADA00E4AE5F /* CoreSpotlight.framework */; };
		02D36C031E1F0B2F00E4AE5F /* CoreSpotlight.framework in Frameworks */ = {isa = PBXBuildFile; fileRef = 02D36C011E1F0ADA00E4AE5F /* CoreSpotlight.framework */; };
		02D36C061E1FAC7100E4AE5F /* CoreSpotlightIndexer.swift in Sources */ = {isa = PBXBuildFile; fileRef = 02D36BFD1E1F084A00E4AE5F /* CoreSpotlightIndexer.swift */; };
		02D36C071E2035D200E4AE5F /* CoreSpotlight.framework in Frameworks */ = {isa = PBXBuildFile; fileRef = 02D36C011E1F0ADA00E4AE5F /* CoreSpotlight.framework */; };
		02D4E8431AB61DDC00FD597F /* Hinner_jag_Tests.swift in Sources */ = {isa = PBXBuildFile; fileRef = 02D4E8421AB61DDC00FD597F /* Hinner_jag_Tests.swift */; };
		02DDF84E1ABDB19200A9AF12 /* TravelDetailsCell.swift in Sources */ = {isa = PBXBuildFile; fileRef = 02DDF84A1ABDAFBB00A9AF12 /* TravelDetailsCell.swift */; };
		02DDF84F1ABDB19400A9AF12 /* TravelDetailsCell.swift in Sources */ = {isa = PBXBuildFile; fileRef = 02DDF84A1ABDAFBB00A9AF12 /* TravelDetailsCell.swift */; };
		02E4AEF11CFC928E00F7819E /* stopareasites.json in Resources */ = {isa = PBXBuildFile; fileRef = 02E4AEF01CFC928E00F7819E /* stopareasites.json */; };
		02E90DA81AB0FBAF00FD5DB7 /* HinnerJagKit.framework in Frameworks */ = {isa = PBXBuildFile; fileRef = 0211B20B1AAE37FB00947C45 /* HinnerJagKit.framework */; };
		02F4DC191E0E89FB00445C5F /* Images.xcassets in Resources */ = {isa = PBXBuildFile; fileRef = 02F4DC181E0E89FB00445C5F /* Images.xcassets */; };
		02F4DC1B1E0EFBC600445C5F /* UIColorExtension.swift in Sources */ = {isa = PBXBuildFile; fileRef = 02F4DC1A1E0EFBC600445C5F /* UIColorExtension.swift */; };
		02F755BB1AB621210088D6C8 /* metro_stations.json in Resources */ = {isa = PBXBuildFile; fileRef = 02F755BA1AB621210088D6C8 /* metro_stations.json */; };
		9A9061E51CD0707700999F2F /* Fabric.framework in Frameworks */ = {isa = PBXBuildFile; fileRef = 9A9061E31CD0707700999F2F /* Fabric.framework */; };
		9A9061E61CD0707700999F2F /* Crashlytics.framework in Frameworks */ = {isa = PBXBuildFile; fileRef = 9A9061E41CD0707700999F2F /* Crashlytics.framework */; };
		FEEBCCC51E6F478700383C12 /* Instabug.framework in Frameworks */ = {isa = PBXBuildFile; fileRef = FEEBCCC41E6F478700383C12 /* Instabug.framework */; };
		FEEBCCC61E6F478700383C12 /* Instabug.framework in Embed Frameworks */ = {isa = PBXBuildFile; fileRef = FEEBCCC41E6F478700383C12 /* Instabug.framework */; settings = {ATTRIBUTES = (CodeSignOnCopy, RemoveHeadersOnCopy, ); }; };
		FEF059912378BA7400DD4C20 /* Config.plist in Resources */ = {isa = PBXBuildFile; fileRef = FEF059902378BA7400DD4C20 /* Config.plist */; };
/* End PBXBuildFile section */

/* Begin PBXContainerItemProxy section */
		0211B2171AAE37FC00947C45 /* PBXContainerItemProxy */ = {
			isa = PBXContainerItemProxy;
			containerPortal = 0211B1D61AAE37B600947C45 /* Project object */;
			proxyType = 1;
			remoteGlobalIDString = 0211B20A1AAE37FB00947C45;
			remoteInfo = HinnerJagKit;
		};
		0211B2191AAE37FC00947C45 /* PBXContainerItemProxy */ = {
			isa = PBXContainerItemProxy;
			containerPortal = 0211B1D61AAE37B600947C45 /* Project object */;
			proxyType = 1;
			remoteGlobalIDString = 0211B1DD1AAE37B600947C45;
			remoteInfo = HinnerJag;
		};
		0211B2201AAE37FC00947C45 /* PBXContainerItemProxy */ = {
			isa = PBXContainerItemProxy;
			containerPortal = 0211B1D61AAE37B600947C45 /* Project object */;
			proxyType = 1;
			remoteGlobalIDString = 0211B20A1AAE37FB00947C45;
			remoteInfo = HinnerJagKit;
		};
		0211B24F1AAE4BB000947C45 /* PBXContainerItemProxy */ = {
			isa = PBXContainerItemProxy;
			containerPortal = 0211B1D61AAE37B600947C45 /* Project object */;
			proxyType = 1;
			remoteGlobalIDString = 0211B2431AAE4BB000947C45;
			remoteInfo = "Hinner jag widget";
		};
		02D4E8441AB61DDC00FD597F /* PBXContainerItemProxy */ = {
			isa = PBXContainerItemProxy;
			containerPortal = 0211B1D61AAE37B600947C45 /* Project object */;
			proxyType = 1;
			remoteGlobalIDString = 0211B1DD1AAE37B600947C45;
			remoteInfo = "Hinner jag";
		};
		02F755BE1AB625580088D6C8 /* PBXContainerItemProxy */ = {
			isa = PBXContainerItemProxy;
			containerPortal = 0211B1D61AAE37B600947C45 /* Project object */;
			proxyType = 1;
			remoteGlobalIDString = 0211B20A1AAE37FB00947C45;
			remoteInfo = HinnerJagKit;
		};
/* End PBXContainerItemProxy section */

/* Begin PBXCopyFilesBuildPhase section */
		0211B2271AAE37FC00947C45 /* Embed Frameworks */ = {
			isa = PBXCopyFilesBuildPhase;
			buildActionMask = 2147483647;
			dstPath = "";
			dstSubfolderSpec = 10;
			files = (
				0211B2231AAE37FC00947C45 /* HinnerJagKit.framework in Embed Frameworks */,
				FEEBCCC61E6F478700383C12 /* Instabug.framework in Embed Frameworks */,
			);
			name = "Embed Frameworks";
			runOnlyForDeploymentPostprocessing = 0;
		};
		0211B2551AAE4BB000947C45 /* Embed App Extensions */ = {
			isa = PBXCopyFilesBuildPhase;
			buildActionMask = 2147483647;
			dstPath = "";
			dstSubfolderSpec = 13;
			files = (
				0211B2511AAE4BB000947C45 /* Hinner jag widget.appex in Embed App Extensions */,
			);
			name = "Embed App Extensions";
			runOnlyForDeploymentPostprocessing = 0;
		};
		02C223771B8EE600007A162E /* Embed Watch Content */ = {
			isa = PBXCopyFilesBuildPhase;
			buildActionMask = 2147483647;
			dstPath = "$(CONTENTS_FOLDER_PATH)/Watch";
			dstSubfolderSpec = 16;
			files = (
			);
			name = "Embed Watch Content";
			runOnlyForDeploymentPostprocessing = 0;
		};
/* End PBXCopyFilesBuildPhase section */

/* Begin PBXFileReference section */
		0210D46E1CBE0A360097D5D9 /* DataModel.xcdatamodel */ = {isa = PBXFileReference; lastKnownFileType = wrapper.xcdatamodel; path = DataModel.xcdatamodel; sourceTree = "<group>"; };
		0211B1DE1AAE37B600947C45 /* Hinner jag.app */ = {isa = PBXFileReference; explicitFileType = wrapper.application; includeInIndex = 0; path = "Hinner jag.app"; sourceTree = BUILT_PRODUCTS_DIR; };
		0211B1E21AAE37B600947C45 /* Info.plist */ = {isa = PBXFileReference; lastKnownFileType = text.plist; name = Info.plist; path = HinnerJag/Info.plist; sourceTree = "<group>"; };
		0211B20B1AAE37FB00947C45 /* HinnerJagKit.framework */ = {isa = PBXFileReference; explicitFileType = wrapper.framework; includeInIndex = 0; path = HinnerJagKit.framework; sourceTree = BUILT_PRODUCTS_DIR; };
		0211B20E1AAE37FB00947C45 /* Info.plist */ = {isa = PBXFileReference; lastKnownFileType = text.plist.xml; path = Info.plist; sourceTree = "<group>"; };
		0211B20F1AAE37FB00947C45 /* HinnerJagKit.h */ = {isa = PBXFileReference; lastKnownFileType = sourcecode.c.h; path = HinnerJagKit.h; sourceTree = "<group>"; };
		0211B2151AAE37FC00947C45 /* HinnerJagKitTests.xctest */ = {isa = PBXFileReference; explicitFileType = wrapper.cfbundle; includeInIndex = 0; path = HinnerJagKitTests.xctest; sourceTree = BUILT_PRODUCTS_DIR; };
		0211B21D1AAE37FC00947C45 /* Info.plist */ = {isa = PBXFileReference; lastKnownFileType = text.plist.xml; path = Info.plist; sourceTree = "<group>"; };
		0211B21E1AAE37FC00947C45 /* HinnerJagKitTests.swift */ = {isa = PBXFileReference; lastKnownFileType = sourcecode.swift; path = HinnerJagKitTests.swift; sourceTree = "<group>"; };
		0211B22D1AAE387500947C45 /* RealtimeDepartures.swift */ = {isa = PBXFileReference; fileEncoding = 4; lastKnownFileType = sourcecode.swift; path = RealtimeDepartures.swift; sourceTree = "<group>"; };
		0211B22F1AAE389A00947C45 /* LocateStation.swift */ = {isa = PBXFileReference; fileEncoding = 4; lastKnownFileType = sourcecode.swift; path = LocateStation.swift; sourceTree = "<group>"; };
		0211B2311AAE38B100947C45 /* Departure.swift */ = {isa = PBXFileReference; fileEncoding = 4; lastKnownFileType = sourcecode.swift; path = Departure.swift; sourceTree = "<group>"; };
		0211B2441AAE4BB000947C45 /* Hinner jag widget.appex */ = {isa = PBXFileReference; explicitFileType = "wrapper.app-extension"; includeInIndex = 0; path = "Hinner jag widget.appex"; sourceTree = BUILT_PRODUCTS_DIR; };
		0211B2461AAE4BB000947C45 /* NotificationCenter.framework */ = {isa = PBXFileReference; lastKnownFileType = wrapper.framework; name = NotificationCenter.framework; path = System/Library/Frameworks/NotificationCenter.framework; sourceTree = SDKROOT; };
		0211B24A1AAE4BB000947C45 /* Info.plist */ = {isa = PBXFileReference; lastKnownFileType = text.plist.xml; path = Info.plist; sourceTree = "<group>"; };
		0211B24B1AAE4BB000947C45 /* TodayViewController.swift */ = {isa = PBXFileReference; lastKnownFileType = sourcecode.swift; path = TodayViewController.swift; sourceTree = "<group>"; };
		0211B24D1AAE4BB000947C45 /* MainInterface.storyboard */ = {isa = PBXFileReference; lastKnownFileType = file.storyboard; path = MainInterface.storyboard; sourceTree = "<group>"; };
		0227D92F1BDFFF9E00E734BB /* LocateStationIOS.swift */ = {isa = PBXFileReference; fileEncoding = 4; lastKnownFileType = sourcecode.swift; path = LocateStationIOS.swift; sourceTree = "<group>"; };
		022DE4831AC8188F000E9462 /* HeadlineCell.swift */ = {isa = PBXFileReference; fileEncoding = 4; lastKnownFileType = sourcecode.swift; path = HeadlineCell.swift; sourceTree = "<group>"; };
		022DE4861AC819AD000E9462 /* HinnerJagTableViewController.swift */ = {isa = PBXFileReference; fileEncoding = 4; lastKnownFileType = sourcecode.swift; path = HinnerJagTableViewController.swift; sourceTree = "<group>"; };
		0230E36A1CBC24E80021D962 /* Base */ = {isa = PBXFileReference; lastKnownFileType = file.storyboard; name = Base; path = HinnerJag/Base.lproj/Main.storyboard; sourceTree = SOURCE_ROOT; };
		0236B3CF1ABE213B00EDF6C8 /* libGoogleAnalyticsServices.a */ = {isa = PBXFileReference; lastKnownFileType = archive.ar; path = libGoogleAnalyticsServices.a; sourceTree = "<group>"; };
		023F4B791AE8C05A00706872 /* test_departures_9510_karlberg.json */ = {isa = PBXFileReference; fileEncoding = 4; lastKnownFileType = text.json; path = test_departures_9510_karlberg.json; sourceTree = "<group>"; };
		023F4B7B1AEA15F500706872 /* test_departures_9520_sodertalje_centrum.json */ = {isa = PBXFileReference; fileEncoding = 4; lastKnownFileType = text.json; path = test_departures_9520_sodertalje_centrum.json; sourceTree = "<group>"; };
		023F4B7D1AEA168100706872 /* test_departures_9530_stockholms_sodra.json */ = {isa = PBXFileReference; fileEncoding = 4; lastKnownFileType = text.json; path = test_departures_9530_stockholms_sodra.json; sourceTree = "<group>"; };
		0248BCB01C9CB5E500F0F05A /* NSTimerExtension.swift */ = {isa = PBXFileReference; fileEncoding = 4; lastKnownFileType = sourcecode.swift; path = NSTimerExtension.swift; sourceTree = "<group>"; };
		024965311CCEA47F00A1C97A /* BWWalkThroughVideoViewController.swift */ = {isa = PBXFileReference; fileEncoding = 4; lastKnownFileType = sourcecode.swift; name = BWWalkThroughVideoViewController.swift; path = HinnerJag/BWWalkThroughVideoViewController.swift; sourceTree = SOURCE_ROOT; };
		024965351CCEA69300A1C97A /* MediaPlayer.framework */ = {isa = PBXFileReference; lastKnownFileType = wrapper.framework; name = MediaPlayer.framework; path = System/Library/Frameworks/MediaPlayer.framework; sourceTree = SDKROOT; };
		0262F4231CC39A3400028D5B /* journeypatternpoints.json */ = {isa = PBXFileReference; fileEncoding = 4; lastKnownFileType = text.json; path = journeypatternpoints.json; sourceTree = "<group>"; };
		028143541CA1E82700A6D4D7 /* AppDelegate.swift */ = {isa = PBXFileReference; fileEncoding = 4; lastKnownFileType = sourcecode.swift; name = AppDelegate.swift; path = HinnerJag/AppDelegate.swift; sourceTree = SOURCE_ROOT; };
		028143561CA1E8C500A6D4D7 /* MapViewController.swift */ = {isa = PBXFileReference; fileEncoding = 4; lastKnownFileType = sourcecode.swift; name = MapViewController.swift; path = HinnerJag/MapViewController.swift; sourceTree = SOURCE_ROOT; };
		028143581CA1E91200A6D4D7 /* MainAppViewController.swift */ = {isa = PBXFileReference; fileEncoding = 4; lastKnownFileType = sourcecode.swift; name = MainAppViewController.swift; path = HinnerJag/MainAppViewController.swift; sourceTree = SOURCE_ROOT; };
		0281435A1CA1E95700A6D4D7 /* BWWalkthroughViewController.swift */ = {isa = PBXFileReference; fileEncoding = 4; lastKnownFileType = sourcecode.swift; name = BWWalkthroughViewController.swift; path = HinnerJag/BWWalkthroughViewController.swift; sourceTree = SOURCE_ROOT; };
		0281435C1CA1E97D00A6D4D7 /* BWWalkthroughPageViewController.swift */ = {isa = PBXFileReference; fileEncoding = 4; lastKnownFileType = sourcecode.swift; name = BWWalkthroughPageViewController.swift; path = HinnerJag/BWWalkthroughPageViewController.swift; sourceTree = SOURCE_ROOT; };
		028143611CA1EA8200A6D4D7 /* Images.xcassets */ = {isa = PBXFileReference; lastKnownFileType = folder.assetcatalog; name = Images.xcassets; path = HinnerJag/Images.xcassets; sourceTree = SOURCE_ROOT; };
		0285C8321CC42EEC004A374B /* Hinner jag.entitlements */ = {isa = PBXFileReference; lastKnownFileType = text.xml; path = "Hinner jag.entitlements"; sourceTree = SOURCE_ROOT; };
		028EB6611AAF97E6004C508C /* HinnerJag.entitlements */ = {isa = PBXFileReference; lastKnownFileType = text.plist.entitlements; name = HinnerJag.entitlements; path = HinnerJag/HinnerJag.entitlements; sourceTree = "<group>"; };
		028EB6621AAF983C004C508C /* Hinner jag widget.entitlements */ = {isa = PBXFileReference; lastKnownFileType = text.xml; path = "Hinner jag widget.entitlements"; sourceTree = "<group>"; };
		02945BBF1CC56ECA00AC4D71 /* SortMappingDict.playground */ = {isa = PBXFileReference; lastKnownFileType = file.playground; name = SortMappingDict.playground; path = HinnerJag/SortMappingDict.playground; sourceTree = SOURCE_ROOT; };
		0295BEB21C9DB630005669EB /* SegmentedControl.playground */ = {isa = PBXFileReference; lastKnownFileType = file.playground; name = SegmentedControl.playground; path = HinnerJag/SegmentedControl.playground; sourceTree = "<group>"; };
		0295BEB31C9DCA12005669EB /* UtilsTests.swift */ = {isa = PBXFileReference; fileEncoding = 4; lastKnownFileType = sourcecode.swift; path = UtilsTests.swift; sourceTree = "<group>"; };
		0295DD431AC7F6E500D850BA /* Utils.swift */ = {isa = PBXFileReference; fileEncoding = 4; lastKnownFileType = sourcecode.swift; path = Utils.swift; sourceTree = "<group>"; };
		0299B6931CCFEBAB003CEDE8 /* screen_intro.mp4 */ = {isa = PBXFileReference; lastKnownFileType = file; name = screen_intro.mp4; path = Assets/Grafik/Walkthrough/videos/screen_intro.mp4; sourceTree = SOURCE_ROOT; };
		0299B6A81CD00684003CEDE8 /* Constants.swift */ = {isa = PBXFileReference; fileEncoding = 4; lastKnownFileType = sourcecode.swift; path = Constants.swift; sourceTree = "<group>"; };
		0299D1921CA1ECD00027AB10 /* Base */ = {isa = PBXFileReference; lastKnownFileType = file.xib; name = Base; path = HinnerJag/Base.lproj/LaunchScreen.xib; sourceTree = SOURCE_ROOT; };
		02A091561CEF871A008E7D7C /* SearchSuggested.playground */ = {isa = PBXFileReference; lastKnownFileType = file.playground; name = SearchSuggested.playground; path = HinnerJag/SearchSuggested.playground; sourceTree = SOURCE_ROOT; xcLanguageSpecificationIdentifier = xcode.lang.swift; };
		02B11B981ABA3D02003ACD06 /* GAI.h */ = {isa = PBXFileReference; fileEncoding = 4; lastKnownFileType = sourcecode.c.h; path = GAI.h; sourceTree = "<group>"; };
		02B11B991ABA3D02003ACD06 /* GAIDictionaryBuilder.h */ = {isa = PBXFileReference; fileEncoding = 4; lastKnownFileType = sourcecode.c.h; path = GAIDictionaryBuilder.h; sourceTree = "<group>"; };
		02B11B9A1ABA3D02003ACD06 /* GAIEcommerceFields.h */ = {isa = PBXFileReference; fileEncoding = 4; lastKnownFileType = sourcecode.c.h; path = GAIEcommerceFields.h; sourceTree = "<group>"; };
		02B11B9B1ABA3D02003ACD06 /* GAIEcommerceProduct.h */ = {isa = PBXFileReference; fileEncoding = 4; lastKnownFileType = sourcecode.c.h; path = GAIEcommerceProduct.h; sourceTree = "<group>"; };
		02B11B9C1ABA3D02003ACD06 /* GAIEcommerceProductAction.h */ = {isa = PBXFileReference; fileEncoding = 4; lastKnownFileType = sourcecode.c.h; path = GAIEcommerceProductAction.h; sourceTree = "<group>"; };
		02B11B9D1ABA3D02003ACD06 /* GAIEcommercePromotion.h */ = {isa = PBXFileReference; fileEncoding = 4; lastKnownFileType = sourcecode.c.h; path = GAIEcommercePromotion.h; sourceTree = "<group>"; };
		02B11B9E1ABA3D02003ACD06 /* GAIFields.h */ = {isa = PBXFileReference; fileEncoding = 4; lastKnownFileType = sourcecode.c.h; path = GAIFields.h; sourceTree = "<group>"; };
		02B11B9F1ABA3D02003ACD06 /* GAILogger.h */ = {isa = PBXFileReference; fileEncoding = 4; lastKnownFileType = sourcecode.c.h; path = GAILogger.h; sourceTree = "<group>"; };
		02B11BA01ABA3D02003ACD06 /* GAITrackedViewController.h */ = {isa = PBXFileReference; fileEncoding = 4; lastKnownFileType = sourcecode.c.h; path = GAITrackedViewController.h; sourceTree = "<group>"; };
		02B11BA11ABA3D02003ACD06 /* GAITracker.h */ = {isa = PBXFileReference; fileEncoding = 4; lastKnownFileType = sourcecode.c.h; path = GAITracker.h; sourceTree = "<group>"; };
		02B11BAE1ABA4165003ACD06 /* GAIExtendViewControllers.swift */ = {isa = PBXFileReference; fileEncoding = 4; lastKnownFileType = sourcecode.swift; name = GAIExtendViewControllers.swift; path = ../HinnerJag/GAIExtendViewControllers.swift; sourceTree = "<group>"; };
		02B11BB11ABA42EB003ACD06 /* libGoogleAnalyticsServices.a */ = {isa = PBXFileReference; lastKnownFileType = archive.ar; path = libGoogleAnalyticsServices.a; sourceTree = "<group>"; };
		02B11BB31ABA430B003ACD06 /* CoreData.framework */ = {isa = PBXFileReference; lastKnownFileType = wrapper.framework; name = CoreData.framework; path = System/Library/Frameworks/CoreData.framework; sourceTree = SDKROOT; };
		02B11BB51ABA431E003ACD06 /* SystemConfiguration.framework */ = {isa = PBXFileReference; lastKnownFileType = wrapper.framework; name = SystemConfiguration.framework; path = System/Library/Frameworks/SystemConfiguration.framework; sourceTree = SDKROOT; };
		02B11BB71ABA4331003ACD06 /* libz.dylib */ = {isa = PBXFileReference; lastKnownFileType = "compiled.mach-o.dylib"; name = libz.dylib; path = usr/lib/libz.dylib; sourceTree = SDKROOT; };
		02B68E511AC5B36D00EFAA66 /* test_departures.json */ = {isa = PBXFileReference; fileEncoding = 4; lastKnownFileType = text.json; path = test_departures.json; sourceTree = "<group>"; };
		02C0B85D1C1768FC00FF00A1 /* RealtimeDeparturesTests.swift */ = {isa = PBXFileReference; fileEncoding = 4; lastKnownFileType = sourcecode.swift; path = RealtimeDeparturesTests.swift; sourceTree = "<group>"; };
		02C592A01B013EAD002A88E4 /* test_departures_9720_nynashamn.json */ = {isa = PBXFileReference; fileEncoding = 4; lastKnownFileType = text.json; path = test_departures_9720_nynashamn.json; sourceTree = "<group>"; };
		02C592A41B013FD4002A88E4 /* test_departures_9325_sundbyberg.json */ = {isa = PBXFileReference; fileEncoding = 4; lastKnownFileType = text.json; path = test_departures_9325_sundbyberg.json; sourceTree = "<group>"; };
		02C592A61B0140A5002A88E4 /* test_departures_9180_farsta_strand.json */ = {isa = PBXFileReference; fileEncoding = 4; lastKnownFileType = text.json; path = test_departures_9180_farsta_strand.json; sourceTree = "<group>"; };
		02D05B861CBEB58A00BDF4DE /* CoreDataStore.swift */ = {isa = PBXFileReference; fileEncoding = 4; lastKnownFileType = sourcecode.swift; name = CoreDataStore.swift; path = HinnerJagKit/CoreDataStore.swift; sourceTree = "<group>"; };
		02D05B8C1CBED1B400BDF4DE /* Site.swift */ = {isa = PBXFileReference; fileEncoding = 4; lastKnownFileType = sourcecode.swift; name = Site.swift; path = HinnerJagKit/Site.swift; sourceTree = "<group>"; };
		02D05B8E1CBED1B400BDF4DE /* JourneyPattern.swift */ = {isa = PBXFileReference; fileEncoding = 4; lastKnownFileType = sourcecode.swift; name = JourneyPattern.swift; path = HinnerJagKit/JourneyPattern.swift; sourceTree = "<group>"; };
		02D05B901CBED1B400BDF4DE /* Line.swift */ = {isa = PBXFileReference; fileEncoding = 4; lastKnownFileType = sourcecode.swift; name = Line.swift; path = HinnerJagKit/Line.swift; sourceTree = "<group>"; };
		02D05BA21CBEE01100BDF4DE /* TransportType.swift */ = {isa = PBXFileReference; fileEncoding = 4; lastKnownFileType = sourcecode.swift; path = TransportType.swift; sourceTree = "<group>"; };
		02D2D6C51CFA4DCF00FED0EC /* DataModel 2.xcdatamodel */ = {isa = PBXFileReference; lastKnownFileType = wrapper.xcdatamodel; path = "DataModel 2.xcdatamodel"; sourceTree = "<group>"; };
		02D2D7061CFC157200FED0EC /* Site+CoreDataProperties.swift */ = {isa = PBXFileReference; fileEncoding = 4; lastKnownFileType = sourcecode.swift; path = "Site+CoreDataProperties.swift"; sourceTree = "<group>"; };
		02D2D7071CFC157200FED0EC /* JourneyPattern+CoreDataProperties.swift */ = {isa = PBXFileReference; fileEncoding = 4; lastKnownFileType = sourcecode.swift; path = "JourneyPattern+CoreDataProperties.swift"; sourceTree = "<group>"; };
		02D2D7081CFC157200FED0EC /* Line+CoreDataProperties.swift */ = {isa = PBXFileReference; fileEncoding = 4; lastKnownFileType = sourcecode.swift; path = "Line+CoreDataProperties.swift"; sourceTree = "<group>"; };
		02D2D7091CFC157200FED0EC /* StopArea+CoreDataProperties.swift */ = {isa = PBXFileReference; fileEncoding = 4; lastKnownFileType = sourcecode.swift; path = "StopArea+CoreDataProperties.swift"; sourceTree = "<group>"; };
		02D2D7121CFC15C500FED0EC /* StopArea.swift */ = {isa = PBXFileReference; fileEncoding = 4; lastKnownFileType = sourcecode.swift; path = StopArea.swift; sourceTree = "<group>"; };
		02D36BFD1E1F084A00E4AE5F /* CoreSpotlightIndexer.swift */ = {isa = PBXFileReference; fileEncoding = 4; lastKnownFileType = sourcecode.swift; path = CoreSpotlightIndexer.swift; sourceTree = "<group>"; };
		02D36C011E1F0ADA00E4AE5F /* CoreSpotlight.framework */ = {isa = PBXFileReference; lastKnownFileType = wrapper.framework; name = CoreSpotlight.framework; path = System/Library/Frameworks/CoreSpotlight.framework; sourceTree = SDKROOT; };
		02D4E83E1AB61DDC00FD597F /* Hinner jag Tests.xctest */ = {isa = PBXFileReference; explicitFileType = wrapper.cfbundle; includeInIndex = 0; path = "Hinner jag Tests.xctest"; sourceTree = BUILT_PRODUCTS_DIR; };
		02D4E8411AB61DDC00FD597F /* Info.plist */ = {isa = PBXFileReference; lastKnownFileType = text.plist.xml; path = Info.plist; sourceTree = "<group>"; };
		02D4E8421AB61DDC00FD597F /* Hinner_jag_Tests.swift */ = {isa = PBXFileReference; lastKnownFileType = sourcecode.swift; path = Hinner_jag_Tests.swift; sourceTree = "<group>"; };
		02DDF8481ABDAFAE00A9AF12 /* TravelHeaderCell.swift */ = {isa = PBXFileReference; fileEncoding = 4; lastKnownFileType = sourcecode.swift; path = TravelHeaderCell.swift; sourceTree = "<group>"; };
		02DDF84A1ABDAFBB00A9AF12 /* TravelDetailsCell.swift */ = {isa = PBXFileReference; fileEncoding = 4; lastKnownFileType = sourcecode.swift; path = TravelDetailsCell.swift; sourceTree = "<group>"; };
		02E4AEF01CFC928E00F7819E /* stopareasites.json */ = {isa = PBXFileReference; fileEncoding = 4; lastKnownFileType = text.json; path = stopareasites.json; sourceTree = "<group>"; };
		02F4DC181E0E89FB00445C5F /* Images.xcassets */ = {isa = PBXFileReference; lastKnownFileType = folder.assetcatalog; path = Images.xcassets; sourceTree = "<group>"; };
		02F4DC1A1E0EFBC600445C5F /* UIColorExtension.swift */ = {isa = PBXFileReference; fileEncoding = 4; lastKnownFileType = sourcecode.swift; path = UIColorExtension.swift; sourceTree = "<group>"; };
		02F755BA1AB621210088D6C8 /* metro_stations.json */ = {isa = PBXFileReference; fileEncoding = 4; lastKnownFileType = text.json; path = metro_stations.json; sourceTree = "<group>"; };
		9A9061E31CD0707700999F2F /* Fabric.framework */ = {isa = PBXFileReference; lastKnownFileType = wrapper.framework; path = Fabric.framework; sourceTree = "<group>"; };
		9A9061E41CD0707700999F2F /* Crashlytics.framework */ = {isa = PBXFileReference; lastKnownFileType = wrapper.framework; path = Crashlytics.framework; sourceTree = "<group>"; };
		FEEBCCC41E6F478700383C12 /* Instabug.framework */ = {isa = PBXFileReference; lastKnownFileType = wrapper.framework; path = Instabug.framework; sourceTree = "<group>"; };
		FEF059902378BA7400DD4C20 /* Config.plist */ = {isa = PBXFileReference; lastKnownFileType = text.plist.xml; path = Config.plist; sourceTree = "<group>"; };
/* End PBXFileReference section */

/* Begin PBXFrameworksBuildPhase section */
		0211B1DB1AAE37B600947C45 /* Frameworks */ = {
			isa = PBXFrameworksBuildPhase;
			buildActionMask = 2147483647;
			files = (
				02D36C031E1F0B2F00E4AE5F /* CoreSpotlight.framework in Frameworks */,
				9A9061E51CD0707700999F2F /* Fabric.framework in Frameworks */,
				024965361CCEA69300A1C97A /* MediaPlayer.framework in Frameworks */,
				FEEBCCC51E6F478700383C12 /* Instabug.framework in Frameworks */,
				9A9061E61CD0707700999F2F /* Crashlytics.framework in Frameworks */,
				0236B3D11ABE218300EDF6C8 /* libGoogleAnalyticsServices.a in Frameworks */,
				02B11BBD1ABA43B9003ACD06 /* libz.dylib in Frameworks */,
				02B11BBC1ABA43B0003ACD06 /* SystemConfiguration.framework in Frameworks */,
				02B11BBB1ABA43A6003ACD06 /* CoreData.framework in Frameworks */,
				0211B2221AAE37FC00947C45 /* HinnerJagKit.framework in Frameworks */,
			);
			runOnlyForDeploymentPostprocessing = 0;
		};
		0211B2071AAE37FB00947C45 /* Frameworks */ = {
			isa = PBXFrameworksBuildPhase;
			buildActionMask = 2147483647;
			files = (
				02D36C021E1F0ADA00E4AE5F /* CoreSpotlight.framework in Frameworks */,
				0236B3D21ABE219600EDF6C8 /* libGoogleAnalyticsServices.a in Frameworks */,
				02B11BB81ABA4331003ACD06 /* libz.dylib in Frameworks */,
				02B11BB61ABA431E003ACD06 /* SystemConfiguration.framework in Frameworks */,
				029149161B7A7F4100DAE8BD /* libGoogleAnalyticsServices.a in Frameworks */,
				02B11BB41ABA430B003ACD06 /* CoreData.framework in Frameworks */,
			);
			runOnlyForDeploymentPostprocessing = 0;
		};
		0211B2121AAE37FC00947C45 /* Frameworks */ = {
			isa = PBXFrameworksBuildPhase;
			buildActionMask = 2147483647;
			files = (
				0211B2161AAE37FC00947C45 /* HinnerJagKit.framework in Frameworks */,
			);
			runOnlyForDeploymentPostprocessing = 0;
		};
		0211B2411AAE4BB000947C45 /* Frameworks */ = {
			isa = PBXFrameworksBuildPhase;
			buildActionMask = 2147483647;
			files = (
				02D36C071E2035D200E4AE5F /* CoreSpotlight.framework in Frameworks */,
				0236B3D31ABE21A600EDF6C8 /* libGoogleAnalyticsServices.a in Frameworks */,
				02B11BC31ABA48DA003ACD06 /* libz.dylib in Frameworks */,
				02B11BC21ABA48D2003ACD06 /* CoreData.framework in Frameworks */,
				02B11BC11ABA48C9003ACD06 /* SystemConfiguration.framework in Frameworks */,
				02E90DA81AB0FBAF00FD5DB7 /* HinnerJagKit.framework in Frameworks */,
				0211B2471AAE4BB000947C45 /* NotificationCenter.framework in Frameworks */,
			);
			runOnlyForDeploymentPostprocessing = 0;
		};
		02D4E83B1AB61DDC00FD597F /* Frameworks */ = {
			isa = PBXFrameworksBuildPhase;
			buildActionMask = 2147483647;
			files = (
			);
			runOnlyForDeploymentPostprocessing = 0;
		};
/* End PBXFrameworksBuildPhase section */

/* Begin PBXGroup section */
		0211B1D51AAE37B600947C45 = {
			isa = PBXGroup;
			children = (
				0211B1E01AAE37B600947C45 /* Hinner jag */,
				02D4E83F1AB61DDC00FD597F /* Hinner jag Tests */,
				0211B20C1AAE37FB00947C45 /* HinnerJagKit */,
				0211B21B1AAE37FC00947C45 /* HinnerJagKitTests */,
				0211B2481AAE4BB000947C45 /* Hinner jag widget */,
				0211B2451AAE4BB000947C45 /* Frameworks */,
				0211B1DF1AAE37B600947C45 /* Products */,
			);
			sourceTree = "<group>";
		};
		0211B1DF1AAE37B600947C45 /* Products */ = {
			isa = PBXGroup;
			children = (
				0211B1DE1AAE37B600947C45 /* Hinner jag.app */,
				0211B20B1AAE37FB00947C45 /* HinnerJagKit.framework */,
				0211B2151AAE37FC00947C45 /* HinnerJagKitTests.xctest */,
				0211B2441AAE4BB000947C45 /* Hinner jag widget.appex */,
				02D4E83E1AB61DDC00FD597F /* Hinner jag Tests.xctest */,
			);
			name = Products;
			sourceTree = "<group>";
		};
		0211B1E01AAE37B600947C45 /* Hinner jag */ = {
			isa = PBXGroup;
			children = (
				0285C8321CC42EEC004A374B /* Hinner jag.entitlements */,
				0295BEAE1C9DB2C6005669EB /* Playground */,
				02ED99B31AD2FEB500CB6C9E /* Walkthrough */,
				025C989B1AD294820096FC79 /* Controllers */,
				028143611CA1EA8200A6D4D7 /* Images.xcassets */,
				0230E3691CBC24E80021D962 /* Main.storyboard */,
				0211B1E11AAE37B600947C45 /* Supporting Files */,
			);
			path = "Hinner jag";
			sourceTree = "<group>";
		};
		0211B1E11AAE37B600947C45 /* Supporting Files */ = {
			isa = PBXGroup;
			children = (
				0299D1911CA1ECD00027AB10 /* LaunchScreen.xib */,
				028EB6611AAF97E6004C508C /* HinnerJag.entitlements */,
				028143541CA1E82700A6D4D7 /* AppDelegate.swift */,
				0211B1E21AAE37B600947C45 /* Info.plist */,
			);
			name = "Supporting Files";
			sourceTree = "<group>";
		};
		0211B20C1AAE37FB00947C45 /* HinnerJagKit */ = {
			isa = PBXGroup;
			children = (
				02D36BFC1E1F081F00E4AE5F /* Core Spotlight */,
				02D05B971CBED1BD00BDF4DE /* CoreData */,
				0248BCAF1C9CB5BB00F0F05A /* Extensions */,
				022DE4851AC8199B000E9462 /* Controllers */,
				02DDF8451ABDABFB00A9AF12 /* Views */,
				02B11B971ABA3CCE003ACD06 /* Google Analytics */,
				0262F4221CC399FC00028D5B /* JSON data */,
				0211B20F1AAE37FB00947C45 /* HinnerJagKit.h */,
				02D05BA21CBEE01100BDF4DE /* TransportType.swift */,
				0211B22D1AAE387500947C45 /* RealtimeDepartures.swift */,
				0211B22F1AAE389A00947C45 /* LocateStation.swift */,
				0227D92F1BDFFF9E00E734BB /* LocateStationIOS.swift */,
				0211B2311AAE38B100947C45 /* Departure.swift */,
				0295DD431AC7F6E500D850BA /* Utils.swift */,
				0299B6A81CD00684003CEDE8 /* Constants.swift */,
				02B68E531AC5B37100EFAA66 /* TestData */,
				0211B20D1AAE37FB00947C45 /* Supporting Files */,
			);
			path = HinnerJagKit;
			sourceTree = "<group>";
		};
		0211B20D1AAE37FB00947C45 /* Supporting Files */ = {
			isa = PBXGroup;
			children = (
				FEF059902378BA7400DD4C20 /* Config.plist */,
				0211B20E1AAE37FB00947C45 /* Info.plist */,
			);
			name = "Supporting Files";
			sourceTree = "<group>";
		};
		0211B21B1AAE37FC00947C45 /* HinnerJagKitTests */ = {
			isa = PBXGroup;
			children = (
				0211B21E1AAE37FC00947C45 /* HinnerJagKitTests.swift */,
				0295BEB31C9DCA12005669EB /* UtilsTests.swift */,
				02C0B85D1C1768FC00FF00A1 /* RealtimeDeparturesTests.swift */,
				0211B21C1AAE37FC00947C45 /* Supporting Files */,
			);
			path = HinnerJagKitTests;
			sourceTree = "<group>";
		};
		0211B21C1AAE37FC00947C45 /* Supporting Files */ = {
			isa = PBXGroup;
			children = (
				0211B21D1AAE37FC00947C45 /* Info.plist */,
			);
			name = "Supporting Files";
			sourceTree = "<group>";
		};
		0211B2451AAE4BB000947C45 /* Frameworks */ = {
			isa = PBXGroup;
			children = (
				FEEBCCC41E6F478700383C12 /* Instabug.framework */,
				02D36C011E1F0ADA00E4AE5F /* CoreSpotlight.framework */,
				024965351CCEA69300A1C97A /* MediaPlayer.framework */,
				02B11BB71ABA4331003ACD06 /* libz.dylib */,
				9A9061E31CD0707700999F2F /* Fabric.framework */,
				9A9061E41CD0707700999F2F /* Crashlytics.framework */,
				02B11BB51ABA431E003ACD06 /* SystemConfiguration.framework */,
				02B11BB31ABA430B003ACD06 /* CoreData.framework */,
				02B11BB11ABA42EB003ACD06 /* libGoogleAnalyticsServices.a */,
				0211B2461AAE4BB000947C45 /* NotificationCenter.framework */,
			);
			name = Frameworks;
			sourceTree = "<group>";
		};
		0211B2481AAE4BB000947C45 /* Hinner jag widget */ = {
			isa = PBXGroup;
			children = (
				028EB6621AAF983C004C508C /* Hinner jag widget.entitlements */,
				0211B24B1AAE4BB000947C45 /* TodayViewController.swift */,
				0211B24D1AAE4BB000947C45 /* MainInterface.storyboard */,
				0211B2491AAE4BB000947C45 /* Supporting Files */,
			);
			path = "Hinner jag widget";
			sourceTree = "<group>";
		};
		0211B2491AAE4BB000947C45 /* Supporting Files */ = {
			isa = PBXGroup;
			children = (
				0211B24A1AAE4BB000947C45 /* Info.plist */,
				02F4DC181E0E89FB00445C5F /* Images.xcassets */,
			);
			name = "Supporting Files";
			sourceTree = "<group>";
		};
		022DE4851AC8199B000E9462 /* Controllers */ = {
			isa = PBXGroup;
			children = (
				022DE4861AC819AD000E9462 /* HinnerJagTableViewController.swift */,
			);
			name = Controllers;
			sourceTree = "<group>";
		};
		0248BCAF1C9CB5BB00F0F05A /* Extensions */ = {
			isa = PBXGroup;
			children = (
				0248BCB01C9CB5E500F0F05A /* NSTimerExtension.swift */,
				02F4DC1A1E0EFBC600445C5F /* UIColorExtension.swift */,
			);
			name = Extensions;
			sourceTree = "<group>";
		};
		025C989B1AD294820096FC79 /* Controllers */ = {
			isa = PBXGroup;
			children = (
				028143561CA1E8C500A6D4D7 /* MapViewController.swift */,
				028143581CA1E91200A6D4D7 /* MainAppViewController.swift */,
			);
			name = Controllers;
			sourceTree = "<group>";
		};
		0262F4221CC399FC00028D5B /* JSON data */ = {
			isa = PBXGroup;
			children = (
				02E4AEF01CFC928E00F7819E /* stopareasites.json */,
				0262F4231CC39A3400028D5B /* journeypatternpoints.json */,
				02F755BA1AB621210088D6C8 /* metro_stations.json */,
			);
			name = "JSON data";
			sourceTree = "<group>";
		};
		0295BEAE1C9DB2C6005669EB /* Playground */ = {
			isa = PBXGroup;
			children = (
				02A091561CEF871A008E7D7C /* SearchSuggested.playground */,
				02945BBF1CC56ECA00AC4D71 /* SortMappingDict.playground */,
				0295BEB21C9DB630005669EB /* SegmentedControl.playground */,
			);
			name = Playground;
			sourceTree = "<group>";
		};
		02B11B971ABA3CCE003ACD06 /* Google Analytics */ = {
			isa = PBXGroup;
			children = (
				0236B3CF1ABE213B00EDF6C8 /* libGoogleAnalyticsServices.a */,
				02B11BAE1ABA4165003ACD06 /* GAIExtendViewControllers.swift */,
				02B11B981ABA3D02003ACD06 /* GAI.h */,
				02B11B991ABA3D02003ACD06 /* GAIDictionaryBuilder.h */,
				02B11B9A1ABA3D02003ACD06 /* GAIEcommerceFields.h */,
				02B11B9B1ABA3D02003ACD06 /* GAIEcommerceProduct.h */,
				02B11B9C1ABA3D02003ACD06 /* GAIEcommerceProductAction.h */,
				02B11B9D1ABA3D02003ACD06 /* GAIEcommercePromotion.h */,
				02B11B9E1ABA3D02003ACD06 /* GAIFields.h */,
				02B11B9F1ABA3D02003ACD06 /* GAILogger.h */,
				02B11BA01ABA3D02003ACD06 /* GAITrackedViewController.h */,
				02B11BA11ABA3D02003ACD06 /* GAITracker.h */,
			);
			name = "Google Analytics";
			sourceTree = "<group>";
		};
		02B68E531AC5B37100EFAA66 /* TestData */ = {
			isa = PBXGroup;
			children = (
				02B68E511AC5B36D00EFAA66 /* test_departures.json */,
				023F4B791AE8C05A00706872 /* test_departures_9510_karlberg.json */,
				023F4B7B1AEA15F500706872 /* test_departures_9520_sodertalje_centrum.json */,
				023F4B7D1AEA168100706872 /* test_departures_9530_stockholms_sodra.json */,
				02C592A01B013EAD002A88E4 /* test_departures_9720_nynashamn.json */,
				02C592A41B013FD4002A88E4 /* test_departures_9325_sundbyberg.json */,
				02C592A61B0140A5002A88E4 /* test_departures_9180_farsta_strand.json */,
			);
			name = TestData;
			sourceTree = "<group>";
		};
		02D05B971CBED1BD00BDF4DE /* CoreData */ = {
			isa = PBXGroup;
			children = (
				02D2D7061CFC157200FED0EC /* Site+CoreDataProperties.swift */,
				02D2D7071CFC157200FED0EC /* JourneyPattern+CoreDataProperties.swift */,
				02D2D7081CFC157200FED0EC /* Line+CoreDataProperties.swift */,
				02D2D7091CFC157200FED0EC /* StopArea+CoreDataProperties.swift */,
				02D05B861CBEB58A00BDF4DE /* CoreDataStore.swift */,
				0210D46D1CBE0A360097D5D9 /* DataModel.xcdatamodeld */,
				02D05B8C1CBED1B400BDF4DE /* Site.swift */,
				02D2D7121CFC15C500FED0EC /* StopArea.swift */,
				02D05B8E1CBED1B400BDF4DE /* JourneyPattern.swift */,
				02D05B901CBED1B400BDF4DE /* Line.swift */,
			);
			name = CoreData;
			path = ..;
			sourceTree = "<group>";
		};
		02D36BFC1E1F081F00E4AE5F /* Core Spotlight */ = {
			isa = PBXGroup;
			children = (
				02D36BFD1E1F084A00E4AE5F /* CoreSpotlightIndexer.swift */,
			);
			name = "Core Spotlight";
			sourceTree = "<group>";
		};
		02D4E83F1AB61DDC00FD597F /* Hinner jag Tests */ = {
			isa = PBXGroup;
			children = (
				02D4E8421AB61DDC00FD597F /* Hinner_jag_Tests.swift */,
				02D4E8401AB61DDC00FD597F /* Supporting Files */,
			);
			path = "Hinner jag Tests";
			sourceTree = "<group>";
		};
		02D4E8401AB61DDC00FD597F /* Supporting Files */ = {
			isa = PBXGroup;
			children = (
				02D4E8411AB61DDC00FD597F /* Info.plist */,
			);
			name = "Supporting Files";
			sourceTree = "<group>";
		};
		02DDF8451ABDABFB00A9AF12 /* Views */ = {
			isa = PBXGroup;
			children = (
				022DE4831AC8188F000E9462 /* HeadlineCell.swift */,
				02DDF8481ABDAFAE00A9AF12 /* TravelHeaderCell.swift */,
				02DDF84A1ABDAFBB00A9AF12 /* TravelDetailsCell.swift */,
			);
			name = Views;
			sourceTree = "<group>";
		};
		02ED99B31AD2FEB500CB6C9E /* Walkthrough */ = {
			isa = PBXGroup;
			children = (
				0281435A1CA1E95700A6D4D7 /* BWWalkthroughViewController.swift */,
				0281435C1CA1E97D00A6D4D7 /* BWWalkthroughPageViewController.swift */,
				024965311CCEA47F00A1C97A /* BWWalkThroughVideoViewController.swift */,
				0299B6931CCFEBAB003CEDE8 /* screen_intro.mp4 */,
			);
			name = Walkthrough;
			sourceTree = "<group>";
		};
/* End PBXGroup section */

/* Begin PBXHeadersBuildPhase section */
		0211B2081AAE37FB00947C45 /* Headers */ = {
			isa = PBXHeadersBuildPhase;
			buildActionMask = 2147483647;
			files = (
				02B11BA31ABA3D02003ACD06 /* GAIDictionaryBuilder.h in Headers */,
				02B11BA81ABA3D02003ACD06 /* GAIFields.h in Headers */,
				02B11BA21ABA3D02003ACD06 /* GAI.h in Headers */,
				02B11BA41ABA3D02003ACD06 /* GAIEcommerceFields.h in Headers */,
				02B11BAA1ABA3D02003ACD06 /* GAITrackedViewController.h in Headers */,
				02B11BA91ABA3D02003ACD06 /* GAILogger.h in Headers */,
				02B11BAB1ABA3D02003ACD06 /* GAITracker.h in Headers */,
				02B11BA51ABA3D02003ACD06 /* GAIEcommerceProduct.h in Headers */,
				0211B2101AAE37FB00947C45 /* HinnerJagKit.h in Headers */,
				02B11BA71ABA3D02003ACD06 /* GAIEcommercePromotion.h in Headers */,
				02B11BA61ABA3D02003ACD06 /* GAIEcommerceProductAction.h in Headers */,
			);
			runOnlyForDeploymentPostprocessing = 0;
		};
/* End PBXHeadersBuildPhase section */

/* Begin PBXNativeTarget section */
		0211B1DD1AAE37B600947C45 /* Hinner jag */ = {
			isa = PBXNativeTarget;
			buildConfigurationList = 0211B2001AAE37B600947C45 /* Build configuration list for PBXNativeTarget "Hinner jag" */;
			buildPhases = (
				0211B1DA1AAE37B600947C45 /* Sources */,
				0211B1DB1AAE37B600947C45 /* Frameworks */,
				0211B1DC1AAE37B600947C45 /* Resources */,
				0211B2271AAE37FC00947C45 /* Embed Frameworks */,
				0211B2551AAE4BB000947C45 /* Embed App Extensions */,
				02C223771B8EE600007A162E /* Embed Watch Content */,
				9A9061E21CD0704900999F2F /* Fabric script */,
				FEEBCCC71E6F487800383C12 /* Instabug script */,
			);
			buildRules = (
			);
			dependencies = (
				0211B2211AAE37FC00947C45 /* PBXTargetDependency */,
				0211B2501AAE4BB000947C45 /* PBXTargetDependency */,
			);
			name = "Hinner jag";
			productName = "Hinner jag";
			productReference = 0211B1DE1AAE37B600947C45 /* Hinner jag.app */;
			productType = "com.apple.product-type.application";
		};
		0211B20A1AAE37FB00947C45 /* HinnerJagKit */ = {
			isa = PBXNativeTarget;
			buildConfigurationList = 0211B2241AAE37FC00947C45 /* Build configuration list for PBXNativeTarget "HinnerJagKit" */;
			buildPhases = (
				0211B2061AAE37FB00947C45 /* Sources */,
				0211B2071AAE37FB00947C45 /* Frameworks */,
				0211B2081AAE37FB00947C45 /* Headers */,
				0211B2091AAE37FB00947C45 /* Resources */,
			);
			buildRules = (
			);
			dependencies = (
			);
			name = HinnerJagKit;
			productName = HinnerJagKit;
			productReference = 0211B20B1AAE37FB00947C45 /* HinnerJagKit.framework */;
			productType = "com.apple.product-type.framework";
		};
		0211B2141AAE37FC00947C45 /* HinnerJagKitTests */ = {
			isa = PBXNativeTarget;
			buildConfigurationList = 0211B2281AAE37FC00947C45 /* Build configuration list for PBXNativeTarget "HinnerJagKitTests" */;
			buildPhases = (
				0211B2111AAE37FC00947C45 /* Sources */,
				0211B2121AAE37FC00947C45 /* Frameworks */,
				0211B2131AAE37FC00947C45 /* Resources */,
			);
			buildRules = (
			);
			dependencies = (
				0211B2181AAE37FC00947C45 /* PBXTargetDependency */,
				0211B21A1AAE37FC00947C45 /* PBXTargetDependency */,
			);
			name = HinnerJagKitTests;
			productName = HinnerJagKitTests;
			productReference = 0211B2151AAE37FC00947C45 /* HinnerJagKitTests.xctest */;
			productType = "com.apple.product-type.bundle.unit-test";
		};
		0211B2431AAE4BB000947C45 /* Hinner jag widget */ = {
			isa = PBXNativeTarget;
			buildConfigurationList = 0211B2521AAE4BB000947C45 /* Build configuration list for PBXNativeTarget "Hinner jag widget" */;
			buildPhases = (
				0211B2401AAE4BB000947C45 /* Sources */,
				0211B2411AAE4BB000947C45 /* Frameworks */,
				0211B2421AAE4BB000947C45 /* Resources */,
			);
			buildRules = (
			);
			dependencies = (
				02F755BF1AB625580088D6C8 /* PBXTargetDependency */,
			);
			name = "Hinner jag widget";
			productName = "Hinner jag widget";
			productReference = 0211B2441AAE4BB000947C45 /* Hinner jag widget.appex */;
			productType = "com.apple.product-type.app-extension";
		};
		02D4E83D1AB61DDC00FD597F /* Hinner jag Tests */ = {
			isa = PBXNativeTarget;
			buildConfigurationList = 02D4E8461AB61DDC00FD597F /* Build configuration list for PBXNativeTarget "Hinner jag Tests" */;
			buildPhases = (
				02D4E83A1AB61DDC00FD597F /* Sources */,
				02D4E83B1AB61DDC00FD597F /* Frameworks */,
				02D4E83C1AB61DDC00FD597F /* Resources */,
			);
			buildRules = (
			);
			dependencies = (
				02D4E8451AB61DDC00FD597F /* PBXTargetDependency */,
			);
			name = "Hinner jag Tests";
			productName = "Hinner jag Tests";
			productReference = 02D4E83E1AB61DDC00FD597F /* Hinner jag Tests.xctest */;
			productType = "com.apple.product-type.bundle.unit-test";
		};
/* End PBXNativeTarget section */

/* Begin PBXProject section */
		0211B1D61AAE37B600947C45 /* Project object */ = {
			isa = PBXProject;
			attributes = {
				LastSwiftMigration = 0700;
				LastSwiftUpdateCheck = 0700;
				LastUpgradeCheck = 1010;
				ORGANIZATIONNAME = "Wilhelm Eklund";
				TargetAttributes = {
					0211B1DD1AAE37B600947C45 = {
						CreatedOnToolsVersion = 6.1.1;
						DevelopmentTeam = AAA3F77UH3;
						LastSwiftMigration = 1110;
						SystemCapabilities = {
							com.apple.ApplicationGroups.iOS = {
								enabled = 1;
							};
						};
					};
					0211B20A1AAE37FB00947C45 = {
						CreatedOnToolsVersion = 6.1.1;
						DevelopmentTeam = AAA3F77UH3;
						LastSwiftMigration = 1110;
					};
					0211B2141AAE37FC00947C45 = {
						CreatedOnToolsVersion = 6.1.1;
						DevelopmentTeam = AAA3F77UH3;
						LastSwiftMigration = 1110;
						TestTargetID = 0211B1DD1AAE37B600947C45;
					};
					0211B2431AAE4BB000947C45 = {
						CreatedOnToolsVersion = 6.1.1;
						DevelopmentTeam = AAA3F77UH3;
						LastSwiftMigration = 1110;
						SystemCapabilities = {
							com.apple.ApplicationGroups.iOS = {
								enabled = 1;
							};
						};
					};
					02D4E83D1AB61DDC00FD597F = {
						CreatedOnToolsVersion = 6.2;
						DevelopmentTeam = AAA3F77UH3;
						LastSwiftMigration = 1110;
						ProvisioningStyle = Automatic;
						TestTargetID = 0211B1DD1AAE37B600947C45;
					};
				};
			};
			buildConfigurationList = 0211B1D91AAE37B600947C45 /* Build configuration list for PBXProject "Hinner jag" */;
			compatibilityVersion = "Xcode 3.2";
			developmentRegion = English;
			hasScannedForEncodings = 0;
			knownRegions = (
				English,
				en,
				Base,
			);
			mainGroup = 0211B1D51AAE37B600947C45;
			productRefGroup = 0211B1DF1AAE37B600947C45 /* Products */;
			projectDirPath = "";
			projectRoot = "";
			targets = (
				0211B1DD1AAE37B600947C45 /* Hinner jag */,
				02D4E83D1AB61DDC00FD597F /* Hinner jag Tests */,
				0211B20A1AAE37FB00947C45 /* HinnerJagKit */,
				0211B2141AAE37FC00947C45 /* HinnerJagKitTests */,
				0211B2431AAE4BB000947C45 /* Hinner jag widget */,
			);
		};
/* End PBXProject section */

/* Begin PBXResourcesBuildPhase section */
		0211B1DC1AAE37B600947C45 /* Resources */ = {
			isa = PBXResourcesBuildPhase;
			buildActionMask = 2147483647;
			files = (
				0230E36B1CBC24E80021D962 /* Main.storyboard in Resources */,
				028143621CA1EA8200A6D4D7 /* Images.xcassets in Resources */,
				0299B6941CCFEBAB003CEDE8 /* screen_intro.mp4 in Resources */,
				0299D1931CA1ECD00027AB10 /* LaunchScreen.xib in Resources */,
			);
			runOnlyForDeploymentPostprocessing = 0;
		};
		0211B2091AAE37FB00947C45 /* Resources */ = {
			isa = PBXResourcesBuildPhase;
			buildActionMask = 2147483647;
			files = (
				02C592A51B013FD4002A88E4 /* test_departures_9325_sundbyberg.json in Resources */,
				02C592A71B0140A5002A88E4 /* test_departures_9180_farsta_strand.json in Resources */,
				023F4B7A1AE8C05A00706872 /* test_departures_9510_karlberg.json in Resources */,
				023F4B7E1AEA168100706872 /* test_departures_9530_stockholms_sodra.json in Resources */,
				FEF059912378BA7400DD4C20 /* Config.plist in Resources */,
				02C592A11B013EAD002A88E4 /* test_departures_9720_nynashamn.json in Resources */,
				0262F4241CC39A3400028D5B /* journeypatternpoints.json in Resources */,
				02B68E521AC5B36D00EFAA66 /* test_departures.json in Resources */,
				02E4AEF11CFC928E00F7819E /* stopareasites.json in Resources */,
				023F4B7C1AEA15F500706872 /* test_departures_9520_sodertalje_centrum.json in Resources */,
				02F755BB1AB621210088D6C8 /* metro_stations.json in Resources */,
			);
			runOnlyForDeploymentPostprocessing = 0;
		};
		0211B2131AAE37FC00947C45 /* Resources */ = {
			isa = PBXResourcesBuildPhase;
			buildActionMask = 2147483647;
			files = (
			);
			runOnlyForDeploymentPostprocessing = 0;
		};
		0211B2421AAE4BB000947C45 /* Resources */ = {
			isa = PBXResourcesBuildPhase;
			buildActionMask = 2147483647;
			files = (
				02F4DC191E0E89FB00445C5F /* Images.xcassets in Resources */,
				0211B24E1AAE4BB000947C45 /* MainInterface.storyboard in Resources */,
				028143631CA1EAA000A6D4D7 /* Images.xcassets in Resources */,
			);
			runOnlyForDeploymentPostprocessing = 0;
		};
		02D4E83C1AB61DDC00FD597F /* Resources */ = {
			isa = PBXResourcesBuildPhase;
			buildActionMask = 2147483647;
			files = (
			);
			runOnlyForDeploymentPostprocessing = 0;
		};
/* End PBXResourcesBuildPhase section */

/* Begin PBXShellScriptBuildPhase section */
		9A9061E21CD0704900999F2F /* Fabric script */ = {
			isa = PBXShellScriptBuildPhase;
			buildActionMask = 2147483647;
			files = (
			);
			inputPaths = (
			);
			name = "Fabric script";
			outputPaths = (
			);
			runOnlyForDeploymentPostprocessing = 0;
			shellPath = /bin/sh;
			shellScript = "./Fabric.framework/run 108469c469765f0d7a6b11e27072e17f510ac466 2d3baa8d468a309031012e594314570ae8b80f1edab805dc73ef966e1caff9ce";
		};
		FEEBCCC71E6F487800383C12 /* Instabug script */ = {
			isa = PBXShellScriptBuildPhase;
			buildActionMask = 2147483647;
			files = (
			);
			inputPaths = (
			);
			name = "Instabug script";
			outputPaths = (
			);
			runOnlyForDeploymentPostprocessing = 0;
			shellPath = /bin/sh;
			shellScript = "bash \"${BUILT_PRODUCTS_DIR}/${FRAMEWORKS_FOLDER_PATH}/Instabug.framework/Instabug.bundle/strip-frameworks.sh\"\n";
		};
/* End PBXShellScriptBuildPhase section */

/* Begin PBXSourcesBuildPhase section */
		0211B1DA1AAE37B600947C45 /* Sources */ = {
			isa = PBXSourcesBuildPhase;
			buildActionMask = 2147483647;
			files = (
				028143591CA1E91200A6D4D7 /* MainAppViewController.swift in Sources */,
				028143571CA1E8C500A6D4D7 /* MapViewController.swift in Sources */,
				028143551CA1E82700A6D4D7 /* AppDelegate.swift in Sources */,
				029149181B7A7F8000DAE8BD /* TravelHeaderCell.swift in Sources */,
				0291491C1B7A833300DAE8BD /* HinnerJagTableViewController.swift in Sources */,
				024965321CCEA47F00A1C97A /* BWWalkThroughVideoViewController.swift in Sources */,
				0291491E1B7A835500DAE8BD /* HeadlineCell.swift in Sources */,
				0281435D1CA1E97D00A6D4D7 /* BWWalkthroughPageViewController.swift in Sources */,
				0291491A1B7A7FA900DAE8BD /* GAIExtendViewControllers.swift in Sources */,
				0281435B1CA1E95700A6D4D7 /* BWWalkthroughViewController.swift in Sources */,
				02DDF84E1ABDB19200A9AF12 /* TravelDetailsCell.swift in Sources */,
			);
			runOnlyForDeploymentPostprocessing = 0;
		};
		0211B2061AAE37FB00947C45 /* Sources */ = {
			isa = PBXSourcesBuildPhase;
			buildActionMask = 2147483647;
			files = (
				02D2D70A1CFC157200FED0EC /* Site+CoreDataProperties.swift in Sources */,
				0295DD441AC7F6E500D850BA /* Utils.swift in Sources */,
				02D05BA31CBEE01100BDF4DE /* TransportType.swift in Sources */,
				0210D46F1CBE0A360097D5D9 /* DataModel.xcdatamodeld in Sources */,
				02F4DC1B1E0EFBC600445C5F /* UIColorExtension.swift in Sources */,
				02D2D7101CFC157200FED0EC /* StopArea+CoreDataProperties.swift in Sources */,
				0211B2301AAE389A00947C45 /* LocateStation.swift in Sources */,
				0299B6A91CD00684003CEDE8 /* Constants.swift in Sources */,
				02D05B941CBED1B400BDF4DE /* JourneyPattern.swift in Sources */,
				02D2D7131CFC15C500FED0EC /* StopArea.swift in Sources */,
				0211B2321AAE38B100947C45 /* Departure.swift in Sources */,
				02D36C061E1FAC7100E4AE5F /* CoreSpotlightIndexer.swift in Sources */,
				0248BCB11C9CB5E500F0F05A /* NSTimerExtension.swift in Sources */,
				02D05B871CBEB58A00BDF4DE /* CoreDataStore.swift in Sources */,
				02D05B881CBEB64000BDF4DE /* LocateStationIOS.swift in Sources */,
				02D2D70E1CFC157200FED0EC /* Line+CoreDataProperties.swift in Sources */,
				02D05B961CBED1B400BDF4DE /* Line.swift in Sources */,
				02D05B921CBED1B400BDF4DE /* Site.swift in Sources */,
				0211B22E1AAE387500947C45 /* RealtimeDepartures.swift in Sources */,
				02D2D70C1CFC157200FED0EC /* JourneyPattern+CoreDataProperties.swift in Sources */,
			);
			runOnlyForDeploymentPostprocessing = 0;
		};
		0211B2111AAE37FC00947C45 /* Sources */ = {
			isa = PBXSourcesBuildPhase;
			buildActionMask = 2147483647;
			files = (
				0211B21F1AAE37FC00947C45 /* HinnerJagKitTests.swift in Sources */,
				02C0B85E1C1768FC00FF00A1 /* RealtimeDeparturesTests.swift in Sources */,
				0295BEB41C9DCA12005669EB /* UtilsTests.swift in Sources */,
			);
			runOnlyForDeploymentPostprocessing = 0;
		};
		0211B2401AAE4BB000947C45 /* Sources */ = {
			isa = PBXSourcesBuildPhase;
			buildActionMask = 2147483647;
			files = (
				029149191B7A7FA800DAE8BD /* GAIExtendViewControllers.swift in Sources */,
				0291491F1B7A835600DAE8BD /* HeadlineCell.swift in Sources */,
				0211B24C1AAE4BB000947C45 /* TodayViewController.swift in Sources */,
				0291491D1B7A833400DAE8BD /* HinnerJagTableViewController.swift in Sources */,
				02DDF84F1ABDB19400A9AF12 /* TravelDetailsCell.swift in Sources */,
				029149171B7A7F7E00DAE8BD /* TravelHeaderCell.swift in Sources */,
			);
			runOnlyForDeploymentPostprocessing = 0;
		};
		02D4E83A1AB61DDC00FD597F /* Sources */ = {
			isa = PBXSourcesBuildPhase;
			buildActionMask = 2147483647;
			files = (
				02D4E8431AB61DDC00FD597F /* Hinner_jag_Tests.swift in Sources */,
			);
			runOnlyForDeploymentPostprocessing = 0;
		};
/* End PBXSourcesBuildPhase section */

/* Begin PBXTargetDependency section */
		0211B2181AAE37FC00947C45 /* PBXTargetDependency */ = {
			isa = PBXTargetDependency;
			target = 0211B20A1AAE37FB00947C45 /* HinnerJagKit */;
			targetProxy = 0211B2171AAE37FC00947C45 /* PBXContainerItemProxy */;
		};
		0211B21A1AAE37FC00947C45 /* PBXTargetDependency */ = {
			isa = PBXTargetDependency;
			target = 0211B1DD1AAE37B600947C45 /* Hinner jag */;
			targetProxy = 0211B2191AAE37FC00947C45 /* PBXContainerItemProxy */;
		};
		0211B2211AAE37FC00947C45 /* PBXTargetDependency */ = {
			isa = PBXTargetDependency;
			target = 0211B20A1AAE37FB00947C45 /* HinnerJagKit */;
			targetProxy = 0211B2201AAE37FC00947C45 /* PBXContainerItemProxy */;
		};
		0211B2501AAE4BB000947C45 /* PBXTargetDependency */ = {
			isa = PBXTargetDependency;
			target = 0211B2431AAE4BB000947C45 /* Hinner jag widget */;
			targetProxy = 0211B24F1AAE4BB000947C45 /* PBXContainerItemProxy */;
		};
		02D4E8451AB61DDC00FD597F /* PBXTargetDependency */ = {
			isa = PBXTargetDependency;
			target = 0211B1DD1AAE37B600947C45 /* Hinner jag */;
			targetProxy = 02D4E8441AB61DDC00FD597F /* PBXContainerItemProxy */;
		};
		02F755BF1AB625580088D6C8 /* PBXTargetDependency */ = {
			isa = PBXTargetDependency;
			target = 0211B20A1AAE37FB00947C45 /* HinnerJagKit */;
			targetProxy = 02F755BE1AB625580088D6C8 /* PBXContainerItemProxy */;
		};
/* End PBXTargetDependency section */

/* Begin PBXVariantGroup section */
		0230E3691CBC24E80021D962 /* Main.storyboard */ = {
			isa = PBXVariantGroup;
			children = (
				0230E36A1CBC24E80021D962 /* Base */,
			);
			name = Main.storyboard;
			sourceTree = "<group>";
		};
		0299D1911CA1ECD00027AB10 /* LaunchScreen.xib */ = {
			isa = PBXVariantGroup;
			children = (
				0299D1921CA1ECD00027AB10 /* Base */,
			);
			name = LaunchScreen.xib;
			sourceTree = "<group>";
		};
/* End PBXVariantGroup section */

/* Begin XCBuildConfiguration section */
		0211B1FE1AAE37B600947C45 /* Debug */ = {
			isa = XCBuildConfiguration;
			buildSettings = {
				ALWAYS_SEARCH_USER_PATHS = NO;
				BUNDLE_ID = "com.wilhelmeklund.Hinner-jag${BUNDLE_ID_SUFFIX}";
				BUNDLE_ID_SUFFIX = "";
				BUNDLE_NAME_PREFIX = "";
				CLANG_CXX_LANGUAGE_STANDARD = "gnu++0x";
				CLANG_CXX_LIBRARY = "libc++";
				CLANG_ENABLE_MODULES = YES;
				CLANG_ENABLE_OBJC_ARC = YES;
				CLANG_WARN_BLOCK_CAPTURE_AUTORELEASING = YES;
				CLANG_WARN_BOOL_CONVERSION = YES;
				CLANG_WARN_COMMA = YES;
				CLANG_WARN_CONSTANT_CONVERSION = YES;
				CLANG_WARN_DEPRECATED_OBJC_IMPLEMENTATIONS = YES;
				CLANG_WARN_DIRECT_OBJC_ISA_USAGE = YES_ERROR;
				CLANG_WARN_EMPTY_BODY = YES;
				CLANG_WARN_ENUM_CONVERSION = YES;
				CLANG_WARN_INFINITE_RECURSION = YES;
				CLANG_WARN_INT_CONVERSION = YES;
				CLANG_WARN_NON_LITERAL_NULL_CONVERSION = YES;
				CLANG_WARN_OBJC_IMPLICIT_RETAIN_SELF = YES;
				CLANG_WARN_OBJC_LITERAL_CONVERSION = YES;
				CLANG_WARN_OBJC_ROOT_CLASS = YES_ERROR;
				CLANG_WARN_RANGE_LOOP_ANALYSIS = YES;
				CLANG_WARN_STRICT_PROTOTYPES = YES;
				CLANG_WARN_SUSPICIOUS_MOVE = YES;
				CLANG_WARN_UNREACHABLE_CODE = YES;
				CLANG_WARN__DUPLICATE_METHOD_MATCH = YES;
				CODE_SIGN_IDENTITY = "iPhone Developer: Wilhelm Eklund (ZJ75WN6E34)";
				COPY_PHASE_STRIP = NO;
				CURRENT_BUILD_NUMBER = 1;
				CURRENT_PROJECT_VERSION = 2.7;
				ENABLE_BITCODE = YES;
				ENABLE_STRICT_OBJC_MSGSEND = YES;
				ENABLE_TESTABILITY = YES;
				GA_TRACKING_ID = off;
				GCC_C_LANGUAGE_STANDARD = gnu99;
				GCC_DYNAMIC_NO_PIC = NO;
				GCC_NO_COMMON_BLOCKS = YES;
				GCC_OPTIMIZATION_LEVEL = 0;
				GCC_PREPROCESSOR_DEFINITIONS = (
					"DEBUG=1",
					"$(inherited)",
				);
				GCC_SYMBOLS_PRIVATE_EXTERN = NO;
				GCC_WARN_64_TO_32_BIT_CONVERSION = YES;
				GCC_WARN_ABOUT_RETURN_TYPE = YES_ERROR;
				GCC_WARN_UNDECLARED_SELECTOR = YES;
				GCC_WARN_UNINITIALIZED_AUTOS = YES_AGGRESSIVE;
				GCC_WARN_UNUSED_FUNCTION = YES;
				GCC_WARN_UNUSED_VARIABLE = YES;
				IPHONEOS_DEPLOYMENT_TARGET = 8.1;
				MARKETING_VERSION = 2.7;
				MTL_ENABLE_DEBUG_INFO = YES;
				ONLY_ACTIVE_ARCH = YES;
				SDKROOT = iphoneos;
				SWIFT_OPTIMIZATION_LEVEL = "-Onone";
				VERSIONING_SYSTEM = "apple-generic";
			};
			name = Debug;
		};
		0211B1FF1AAE37B600947C45 /* Release */ = {
			isa = XCBuildConfiguration;
			buildSettings = {
				ALWAYS_SEARCH_USER_PATHS = NO;
				BUNDLE_ID = "com.wilhelmeklund.Hinner-jag${BUNDLE_ID_SUFFIX}";
				BUNDLE_ID_SUFFIX = "";
				BUNDLE_NAME_PREFIX = "";
				CLANG_CXX_LANGUAGE_STANDARD = "gnu++0x";
				CLANG_CXX_LIBRARY = "libc++";
				CLANG_ENABLE_MODULES = YES;
				CLANG_ENABLE_OBJC_ARC = YES;
				CLANG_WARN_BLOCK_CAPTURE_AUTORELEASING = YES;
				CLANG_WARN_BOOL_CONVERSION = YES;
				CLANG_WARN_COMMA = YES;
				CLANG_WARN_CONSTANT_CONVERSION = YES;
				CLANG_WARN_DEPRECATED_OBJC_IMPLEMENTATIONS = YES;
				CLANG_WARN_DIRECT_OBJC_ISA_USAGE = YES_ERROR;
				CLANG_WARN_EMPTY_BODY = YES;
				CLANG_WARN_ENUM_CONVERSION = YES;
				CLANG_WARN_INFINITE_RECURSION = YES;
				CLANG_WARN_INT_CONVERSION = YES;
				CLANG_WARN_NON_LITERAL_NULL_CONVERSION = YES;
				CLANG_WARN_OBJC_IMPLICIT_RETAIN_SELF = YES;
				CLANG_WARN_OBJC_LITERAL_CONVERSION = YES;
				CLANG_WARN_OBJC_ROOT_CLASS = YES_ERROR;
				CLANG_WARN_RANGE_LOOP_ANALYSIS = YES;
				CLANG_WARN_STRICT_PROTOTYPES = YES;
				CLANG_WARN_SUSPICIOUS_MOVE = YES;
				CLANG_WARN_UNREACHABLE_CODE = YES;
				CLANG_WARN__DUPLICATE_METHOD_MATCH = YES;
				CODE_SIGN_IDENTITY = "iPhone Distribution: Wilhelm Eklund (AAA3F77UH3)";
				COPY_PHASE_STRIP = YES;
				CURRENT_BUILD_NUMBER = 1;
				CURRENT_PROJECT_VERSION = 2.7;
				ENABLE_BITCODE = YES;
				ENABLE_NS_ASSERTIONS = NO;
				ENABLE_STRICT_OBJC_MSGSEND = YES;
				GA_TRACKING_ID = "UA-60944711-1";
				GCC_C_LANGUAGE_STANDARD = gnu99;
				GCC_NO_COMMON_BLOCKS = YES;
				GCC_WARN_64_TO_32_BIT_CONVERSION = YES;
				GCC_WARN_ABOUT_RETURN_TYPE = YES_ERROR;
				GCC_WARN_UNDECLARED_SELECTOR = YES;
				GCC_WARN_UNINITIALIZED_AUTOS = YES_AGGRESSIVE;
				GCC_WARN_UNUSED_FUNCTION = YES;
				GCC_WARN_UNUSED_VARIABLE = YES;
				IPHONEOS_DEPLOYMENT_TARGET = 8.1;
				MARKETING_VERSION = 2.7;
				MTL_ENABLE_DEBUG_INFO = NO;
				SDKROOT = iphoneos;
				SWIFT_OPTIMIZATION_LEVEL = "-Owholemodule";
				VALIDATE_PRODUCT = YES;
				VERSIONING_SYSTEM = "apple-generic";
			};
			name = Release;
		};
		0211B2011AAE37B600947C45 /* Debug */ = {
			isa = XCBuildConfiguration;
			buildSettings = {
				ALWAYS_EMBED_SWIFT_STANDARD_LIBRARIES = YES;
				ASSETCATALOG_COMPILER_APPICON_NAME = AppIcon;
				CODE_SIGN_ENTITLEMENTS = "Hinner jag.entitlements";
				CODE_SIGN_IDENTITY = "iPhone Developer";
				"CODE_SIGN_IDENTITY[sdk=iphoneos*]" = "iPhone Developer";
				DEVELOPMENT_TEAM = AAA3F77UH3;
				ENABLE_BITCODE = NO;
				FRAMEWORK_SEARCH_PATHS = (
					"$(inherited)",
					"$(PROJECT_DIR)",
				);
				INFOPLIST_FILE = HinnerJag/Info.plist;
				LD_RUNPATH_SEARCH_PATHS = "$(inherited) @executable_path/Frameworks";
				LIBRARY_SEARCH_PATHS = (
					"$(inherited)",
					/Users/wiek/Downloads/GoogleAnalyticsServicesiOS_3.10,
					"$(PROJECT_DIR)",
				);
				PRODUCT_BUNDLE_IDENTIFIER = "com.wilhelmeklund.Hinner-jag";
				PRODUCT_NAME = "$(TARGET_NAME)";
				PROVISIONING_PROFILE = "";
				SWIFT_SWIFT3_OBJC_INFERENCE = On;
				SWIFT_VERSION = 5.0;
				TARGETED_DEVICE_FAMILY = 1;
			};
			name = Debug;
		};
		0211B2021AAE37B600947C45 /* Release */ = {
			isa = XCBuildConfiguration;
			buildSettings = {
				ALWAYS_EMBED_SWIFT_STANDARD_LIBRARIES = YES;
				ASSETCATALOG_COMPILER_APPICON_NAME = AppIcon;
				CODE_SIGN_ENTITLEMENTS = "Hinner jag.entitlements";
				CODE_SIGN_IDENTITY = "iPhone Developer";
				"CODE_SIGN_IDENTITY[sdk=iphoneos*]" = "iPhone Developer";
				DEVELOPMENT_TEAM = AAA3F77UH3;
				ENABLE_BITCODE = NO;
				FRAMEWORK_SEARCH_PATHS = (
					"$(inherited)",
					"$(PROJECT_DIR)",
				);
				INFOPLIST_FILE = HinnerJag/Info.plist;
				LD_RUNPATH_SEARCH_PATHS = "$(inherited) @executable_path/Frameworks";
				LIBRARY_SEARCH_PATHS = (
					"$(inherited)",
					/Users/wiek/Downloads/GoogleAnalyticsServicesiOS_3.10,
					"$(PROJECT_DIR)",
				);
				PRODUCT_BUNDLE_IDENTIFIER = "com.wilhelmeklund.Hinner-jag";
				PRODUCT_NAME = "$(TARGET_NAME)";
				PROVISIONING_PROFILE = "";
				SWIFT_SWIFT3_OBJC_INFERENCE = On;
				SWIFT_VERSION = 5.0;
				TARGETED_DEVICE_FAMILY = 1;
			};
			name = Release;
		};
		0211B2251AAE37FC00947C45 /* Debug */ = {
			isa = XCBuildConfiguration;
			buildSettings = {
				APPLICATION_EXTENSION_API_ONLY = YES;
				CLANG_ENABLE_MODULES = YES;
				CODE_SIGN_IDENTITY = "iPhone Developer";
				"CODE_SIGN_IDENTITY[sdk=iphoneos*]" = "";
				DEFINES_MODULE = YES;
				DYLIB_COMPATIBILITY_VERSION = 1;
				DYLIB_CURRENT_VERSION = 1;
				DYLIB_INSTALL_NAME_BASE = "@rpath";
				GCC_PREPROCESSOR_DEFINITIONS = (
					"DEBUG=1",
					"$(inherited)",
				);
				INFOPLIST_FILE = HinnerJagKit/Info.plist;
				INSTALL_PATH = "$(LOCAL_LIBRARY_DIR)/Frameworks";
				LD_RUNPATH_SEARCH_PATHS = "$(inherited) @executable_path/Frameworks @loader_path/Frameworks";
				LIBRARY_SEARCH_PATHS = (
					"$(inherited)",
					"$(PROJECT_DIR)",
					"$(PROJECT_DIR)/HinnerJagKit",
				);
				PRODUCT_BUNDLE_IDENTIFIER = "com.wilhelmeklund.$(PRODUCT_NAME:rfc1034identifier)";
				PRODUCT_NAME = "$(TARGET_NAME)";
				PROVISIONING_PROFILE = "";
				SKIP_INSTALL = YES;
				SWIFT_OBJC_BRIDGING_HEADER = "";
				SWIFT_OPTIMIZATION_LEVEL = "-Onone";
				SWIFT_SWIFT3_OBJC_INFERENCE = On;
				SWIFT_VERSION = 5.0;
				TARGETED_DEVICE_FAMILY = "1,2";
				VERSIONING_SYSTEM = "apple-generic";
				VERSION_INFO_PREFIX = "";
			};
			name = Debug;
		};
		0211B2261AAE37FC00947C45 /* Release */ = {
			isa = XCBuildConfiguration;
			buildSettings = {
				APPLICATION_EXTENSION_API_ONLY = YES;
				CLANG_ENABLE_MODULES = YES;
				CODE_SIGN_IDENTITY = "iPhone Developer";
				"CODE_SIGN_IDENTITY[sdk=iphoneos*]" = "";
				DEFINES_MODULE = YES;
				DYLIB_COMPATIBILITY_VERSION = 1;
				DYLIB_CURRENT_VERSION = 1;
				DYLIB_INSTALL_NAME_BASE = "@rpath";
				INFOPLIST_FILE = HinnerJagKit/Info.plist;
				INSTALL_PATH = "$(LOCAL_LIBRARY_DIR)/Frameworks";
				LD_RUNPATH_SEARCH_PATHS = "$(inherited) @executable_path/Frameworks @loader_path/Frameworks";
				LIBRARY_SEARCH_PATHS = (
					"$(inherited)",
					"$(PROJECT_DIR)",
					"$(PROJECT_DIR)/HinnerJagKit",
				);
				PRODUCT_BUNDLE_IDENTIFIER = "com.wilhelmeklund.$(PRODUCT_NAME:rfc1034identifier)";
				PRODUCT_NAME = "$(TARGET_NAME)";
				PROVISIONING_PROFILE = "";
				SKIP_INSTALL = YES;
				SWIFT_OBJC_BRIDGING_HEADER = "";
				SWIFT_SWIFT3_OBJC_INFERENCE = On;
				SWIFT_VERSION = 5.0;
				TARGETED_DEVICE_FAMILY = "1,2";
				VERSIONING_SYSTEM = "apple-generic";
				VERSION_INFO_PREFIX = "";
			};
			name = Release;
		};
		0211B2291AAE37FC00947C45 /* Debug */ = {
			isa = XCBuildConfiguration;
			buildSettings = {
				DEVELOPMENT_TEAM = AAA3F77UH3;
				ENABLE_BITCODE = NO;
				FRAMEWORK_SEARCH_PATHS = (
					"$(SDKROOT)/Developer/Library/Frameworks",
					"$(inherited)",
				);
				GCC_PREPROCESSOR_DEFINITIONS = (
					"DEBUG=1",
					"$(inherited)",
				);
				INFOPLIST_FILE = HinnerJagKitTests/Info.plist;
				LD_RUNPATH_SEARCH_PATHS = "$(inherited) @executable_path/Frameworks @loader_path/Frameworks";
				PRODUCT_BUNDLE_IDENTIFIER = "com.wilhelmeklund.$(PRODUCT_NAME:rfc1034identifier)";
				PRODUCT_NAME = "$(TARGET_NAME)";
				SWIFT_SWIFT3_OBJC_INFERENCE = On;
				SWIFT_VERSION = 5.0;
				TEST_HOST = "$(BUILT_PRODUCTS_DIR)/Hinner jag.app/Hinner jag";
			};
			name = Debug;
		};
		0211B22A1AAE37FC00947C45 /* Release */ = {
			isa = XCBuildConfiguration;
			buildSettings = {
				DEVELOPMENT_TEAM = AAA3F77UH3;
				ENABLE_BITCODE = NO;
				FRAMEWORK_SEARCH_PATHS = (
					"$(SDKROOT)/Developer/Library/Frameworks",
					"$(inherited)",
				);
				INFOPLIST_FILE = HinnerJagKitTests/Info.plist;
				LD_RUNPATH_SEARCH_PATHS = "$(inherited) @executable_path/Frameworks @loader_path/Frameworks";
				PRODUCT_BUNDLE_IDENTIFIER = "com.wilhelmeklund.$(PRODUCT_NAME:rfc1034identifier)";
				PRODUCT_NAME = "$(TARGET_NAME)";
				SWIFT_SWIFT3_OBJC_INFERENCE = On;
				SWIFT_VERSION = 5.0;
				TEST_HOST = "$(BUILT_PRODUCTS_DIR)/Hinner jag.app/Hinner jag";
			};
			name = Release;
		};
		0211B2531AAE4BB000947C45 /* Debug */ = {
			isa = XCBuildConfiguration;
			buildSettings = {
				CODE_SIGN_ENTITLEMENTS = "Hinner jag widget/Hinner jag widget.entitlements";
				CODE_SIGN_IDENTITY = "iPhone Developer";
				"CODE_SIGN_IDENTITY[sdk=iphoneos*]" = "iPhone Developer";
				DEVELOPMENT_TEAM = AAA3F77UH3;
				ENABLE_BITCODE = NO;
				GCC_PREPROCESSOR_DEFINITIONS = (
					"DEBUG=1",
					"$(inherited)",
				);
				INFOPLIST_FILE = "Hinner jag widget/Info.plist";
				LD_RUNPATH_SEARCH_PATHS = "$(inherited) @executable_path/Frameworks @executable_path/../../Frameworks";
				LIBRARY_SEARCH_PATHS = (
					"$(inherited)",
					"$(PROJECT_DIR)",
				);
				PRODUCT_BUNDLE_IDENTIFIER = "${BUNDLE_ID}.$(PRODUCT_NAME:rfc1034identifier)";
				PRODUCT_NAME = "$(TARGET_NAME)";
				PROVISIONING_PROFILE = "";
				SKIP_INSTALL = YES;
				SWIFT_SWIFT3_OBJC_INFERENCE = On;
				SWIFT_VERSION = 5.0;
				TARGETED_DEVICE_FAMILY = 1;
			};
			name = Debug;
		};
		0211B2541AAE4BB000947C45 /* Release */ = {
			isa = XCBuildConfiguration;
			buildSettings = {
				CODE_SIGN_ENTITLEMENTS = "Hinner jag widget/Hinner jag widget.entitlements";
				CODE_SIGN_IDENTITY = "iPhone Developer";
				"CODE_SIGN_IDENTITY[sdk=iphoneos*]" = "iPhone Developer";
				DEVELOPMENT_TEAM = AAA3F77UH3;
				ENABLE_BITCODE = NO;
				INFOPLIST_FILE = "Hinner jag widget/Info.plist";
				LD_RUNPATH_SEARCH_PATHS = "$(inherited) @executable_path/Frameworks @executable_path/../../Frameworks";
				LIBRARY_SEARCH_PATHS = (
					"$(inherited)",
					"$(PROJECT_DIR)",
				);
				PRODUCT_BUNDLE_IDENTIFIER = "${BUNDLE_ID}.$(PRODUCT_NAME:rfc1034identifier)";
				PRODUCT_NAME = "$(TARGET_NAME)";
				PROVISIONING_PROFILE = "";
				SKIP_INSTALL = YES;
				SWIFT_SWIFT3_OBJC_INFERENCE = On;
				SWIFT_VERSION = 5.0;
				TARGETED_DEVICE_FAMILY = 1;
			};
			name = Release;
		};
		02D4E8471AB61DDC00FD597F /* Debug */ = {
			isa = XCBuildConfiguration;
			buildSettings = {
				BUNDLE_LOADER = "$(TEST_HOST)";
				"CODE_SIGN_IDENTITY[sdk=iphoneos*]" = "iPhone Developer";
				DEVELOPMENT_TEAM = AAA3F77UH3;
				ENABLE_BITCODE = NO;
				FRAMEWORK_SEARCH_PATHS = (
					"$(SDKROOT)/Developer/Library/Frameworks",
					"$(inherited)",
				);
				GCC_PREPROCESSOR_DEFINITIONS = (
					"DEBUG=1",
					"$(inherited)",
				);
				INFOPLIST_FILE = "Hinner jag Tests/Info.plist";
				LD_RUNPATH_SEARCH_PATHS = "$(inherited) @executable_path/Frameworks @loader_path/Frameworks";
				PRODUCT_BUNDLE_IDENTIFIER = "com.wilhelmeklund.$(PRODUCT_NAME:rfc1034identifier)";
				PRODUCT_NAME = "$(TARGET_NAME)";
				SWIFT_SWIFT3_OBJC_INFERENCE = On;
				SWIFT_VERSION = 5.0;
				TEST_HOST = "$(BUILT_PRODUCTS_DIR)/Hinner jag.app/Hinner jag";
			};
			name = Debug;
		};
		02D4E8481AB61DDC00FD597F /* Release */ = {
			isa = XCBuildConfiguration;
			buildSettings = {
				BUNDLE_LOADER = "$(TEST_HOST)";
				"CODE_SIGN_IDENTITY[sdk=iphoneos*]" = "iPhone Developer";
				COPY_PHASE_STRIP = NO;
				DEVELOPMENT_TEAM = AAA3F77UH3;
				ENABLE_BITCODE = NO;
				FRAMEWORK_SEARCH_PATHS = (
					"$(SDKROOT)/Developer/Library/Frameworks",
					"$(inherited)",
				);
				INFOPLIST_FILE = "Hinner jag Tests/Info.plist";
				LD_RUNPATH_SEARCH_PATHS = "$(inherited) @executable_path/Frameworks @loader_path/Frameworks";
				PRODUCT_BUNDLE_IDENTIFIER = "com.wilhelmeklund.$(PRODUCT_NAME:rfc1034identifier)";
				PRODUCT_NAME = "$(TARGET_NAME)";
				SWIFT_SWIFT3_OBJC_INFERENCE = On;
				SWIFT_VERSION = 5.0;
				TEST_HOST = "$(BUILT_PRODUCTS_DIR)/Hinner jag.app/Hinner jag";
			};
			name = Release;
		};
/* End XCBuildConfiguration section */

/* Begin XCConfigurationList section */
		0211B1D91AAE37B600947C45 /* Build configuration list for PBXProject "Hinner jag" */ = {
			isa = XCConfigurationList;
			buildConfigurations = (
				0211B1FE1AAE37B600947C45 /* Debug */,
				0211B1FF1AAE37B600947C45 /* Release */,
			);
			defaultConfigurationIsVisible = 0;
			defaultConfigurationName = Release;
		};
		0211B2001AAE37B600947C45 /* Build configuration list for PBXNativeTarget "Hinner jag" */ = {
			isa = XCConfigurationList;
			buildConfigurations = (
				0211B2011AAE37B600947C45 /* Debug */,
				0211B2021AAE37B600947C45 /* Release */,
			);
			defaultConfigurationIsVisible = 0;
			defaultConfigurationName = Release;
		};
		0211B2241AAE37FC00947C45 /* Build configuration list for PBXNativeTarget "HinnerJagKit" */ = {
			isa = XCConfigurationList;
			buildConfigurations = (
				0211B2251AAE37FC00947C45 /* Debug */,
				0211B2261AAE37FC00947C45 /* Release */,
			);
			defaultConfigurationIsVisible = 0;
			defaultConfigurationName = Release;
		};
		0211B2281AAE37FC00947C45 /* Build configuration list for PBXNativeTarget "HinnerJagKitTests" */ = {
			isa = XCConfigurationList;
			buildConfigurations = (
				0211B2291AAE37FC00947C45 /* Debug */,
				0211B22A1AAE37FC00947C45 /* Release */,
			);
			defaultConfigurationIsVisible = 0;
			defaultConfigurationName = Release;
		};
		0211B2521AAE4BB000947C45 /* Build configuration list for PBXNativeTarget "Hinner jag widget" */ = {
			isa = XCConfigurationList;
			buildConfigurations = (
				0211B2531AAE4BB000947C45 /* Debug */,
				0211B2541AAE4BB000947C45 /* Release */,
			);
			defaultConfigurationIsVisible = 0;
			defaultConfigurationName = Release;
		};
		02D4E8461AB61DDC00FD597F /* Build configuration list for PBXNativeTarget "Hinner jag Tests" */ = {
			isa = XCConfigurationList;
			buildConfigurations = (
				02D4E8471AB61DDC00FD597F /* Debug */,
				02D4E8481AB61DDC00FD597F /* Release */,
			);
			defaultConfigurationIsVisible = 0;
			defaultConfigurationName = Release;
		};
/* End XCConfigurationList section */

/* Begin XCVersionGroup section */
		0210D46D1CBE0A360097D5D9 /* DataModel.xcdatamodeld */ = {
			isa = XCVersionGroup;
			children = (
				02D2D6C51CFA4DCF00FED0EC /* DataModel 2.xcdatamodel */,
				0210D46E1CBE0A360097D5D9 /* DataModel.xcdatamodel */,
			);
			currentVersion = 02D2D6C51CFA4DCF00FED0EC /* DataModel 2.xcdatamodel */;
			name = DataModel.xcdatamodeld;
			path = HinnerJagKit/DataModel.xcdatamodeld;
			sourceTree = "<group>";
			versionGroupType = wrapper.xcdatamodel;
		};
/* End XCVersionGroup section */
	};
	rootObject = 0211B1D61AAE37B600947C45 /* Project object */;
}
