<?xml version="1.0" encoding="UTF-8"?>
<Scheme
   LastUpgradeVersion = "0800"
   version = "2.0">
   <BuildAction
      parallelizeBuildables = "YES"
      buildImplicitDependencies = "YES">
      <BuildActionEntries>
         <BuildActionEntry
            buildForTesting = "YES"
            buildForRunning = "YES"
            buildForProfiling = "YES"
            buildForArchiving = "YES"
            buildForAnalyzing = "YES">
            <BuildableReference
               BuildableIdentifier = "primary"
               BlueprintIdentifier = "02C2234C1B8EE5FF007A162E"
               BuildableName = "HinnerJagWatchOS2.app"
               BlueprintName = "HinnerJagWatchOS2"
               ReferencedContainer = "container:Hinner jag.xcodeproj">
            </BuildableReference>
         </BuildActionEntry>
         <BuildActionEntry
            buildForTesting = "YES"
            buildForRunning = "YES"
            buildForProfiling = "YES"
            buildForArchiving = "YES"
            buildForAnalyzing = "YES">
            <BuildableReference
               BuildableIdentifier = "primary"
               BlueprintIdentifier = "0211B1DD1AAE37B600947C45"
               BuildableName = "Hinner jag.app"
               BlueprintName = "Hinner jag"
               ReferencedContainer = "container:Hinner jag.xcodeproj">
            </BuildableReference>
         </BuildActionEntry>
         <BuildActionEntry
            buildForTesting = "YES"
            buildForRunning = "YES"
            buildForProfiling = "YES"
            buildForArchiving = "YES"
            buildForAnalyzing = "YES">
            <BuildableReference
               BuildableIdentifier = "primary"
               BlueprintIdentifier = "02F2FF321AB48BB8001A1F90"
               BuildableName = "Hinner jag WatchKit Extension.appex"
               BlueprintName = "Hinner jag WatchKit Extension"
               ReferencedContainer = "container:Hinner jag.xcodeproj">
            </BuildableReference>
         </BuildActionEntry>
         <BuildActionEntry
            buildForTesting = "YES"
            buildForRunning = "YES"
            buildForProfiling = "YES"
            buildForArchiving = "YES"
            buildForAnalyzing = "YES">
            <BuildableReference
               BuildableIdentifier = "primary"
               BlueprintIdentifier = "02C223581B8EE600007A162E"
               BuildableName = "HinnerJagWatchOS2 Extension.appex"
               BlueprintName = "HinnerJagWatchOS2 Extension"
               ReferencedContainer = "container:Hinner jag.xcodeproj">
            </BuildableReference>
         </BuildActionEntry>
      </BuildActionEntries>
   </BuildAction>
   <TestAction
      buildConfiguration = "Debug"
      selectedDebuggerIdentifier = "Xcode.DebuggerFoundation.Debugger.LLDB"
      selectedLauncherIdentifier = "Xcode.DebuggerFoundation.Launcher.LLDB"
      shouldUseLaunchSchemeArgsEnv = "YES">
      <Testables>
      </Testables>
      <MacroExpansion>
         <BuildableReference
            BuildableIdentifier = "primary"
            BlueprintIdentifier = "02C2234C1B8EE5FF007A162E"
            BuildableName = "HinnerJagWatchOS2.app"
            BlueprintName = "HinnerJagWatchOS2"
            ReferencedContainer = "container:Hinner jag.xcodeproj">
         </BuildableReference>
      </MacroExpansion>
      <AdditionalOptions>
      </AdditionalOptions>
   </TestAction>
   <LaunchAction
      buildConfiguration = "Debug"
      selectedDebuggerIdentifier = "Xcode.DebuggerFoundation.Debugger.LLDB"
      selectedLauncherIdentifier = "Xcode.DebuggerFoundation.Launcher.LLDB"
      launchStyle = "0"
      useCustomWorkingDirectory = "NO"
      ignoresPersistentStateOnLaunch = "NO"
      debugDocumentVersioning = "YES"
      debugServiceExtension = "internal"
      allowLocationSimulation = "YES"
      launchAutomaticallySubstyle = "8"
      notificationPayloadFile = "HinnerJagWatchOS2 Extension/PushNotificationPayload.apns">
      <RemoteRunnable
         runnableDebuggingMode = "2"
         BundleIdentifier = "com.apple.carousel"
         RemotePath = "/Hinner jag?">
         <BuildableReference
            BuildableIdentifier = "primary"
            BlueprintIdentifier = "02C2234C1B8EE5FF007A162E"
            BuildableName = "HinnerJagWatchOS2.app"
            BlueprintName = "HinnerJagWatchOS2"
            ReferencedContainer = "container:Hinner jag.xcodeproj">
         </BuildableReference>
      </RemoteRunnable>
      <MacroExpansion>
         <BuildableReference
            BuildableIdentifier = "primary"
            BlueprintIdentifier = "02C2234C1B8EE5FF007A162E"
            BuildableName = "HinnerJagWatchOS2.app"
            BlueprintName = "HinnerJagWatchOS2"
            ReferencedContainer = "container:Hinner jag.xcodeproj">
         </BuildableReference>
      </MacroExpansion>
      <AdditionalOptions>
      </AdditionalOptions>
   </LaunchAction>
   <ProfileAction
      buildConfiguration = "Release"
      shouldUseLaunchSchemeArgsEnv = "YES"
      savedToolIdentifier = ""
      useCustomWorkingDirectory = "NO"
      debugDocumentVersioning = "YES"
      launchAutomaticallySubstyle = "8"
      notificationPayloadFile = "HinnerJagWatchOS2 Extension/PushNotificationPayload.apns">
      <RemoteRunnable
         runnableDebuggingMode = "2"
         BundleIdentifier = "com.apple.carousel"
         RemotePath = "/Hinner jag?">
         <BuildableReference
            BuildableIdentifier = "primary"
            BlueprintIdentifier = "02C2234C1B8EE5FF007A162E"
            BuildableName = "HinnerJagWatchOS2.app"
            BlueprintName = "HinnerJagWatchOS2"
            ReferencedContainer = "container:Hinner jag.xcodeproj">
         </BuildableReference>
      </RemoteRunnable>
      <MacroExpansion>
         <BuildableReference
            BuildableIdentifier = "primary"
            BlueprintIdentifier = "02C2234C1B8EE5FF007A162E"
            BuildableName = "HinnerJagWatchOS2.app"
            BlueprintName = "HinnerJagWatchOS2"
            ReferencedContainer = "container:Hinner jag.xcodeproj">
         </BuildableReference>
      </MacroExpansion>
   </ProfileAction>
   <AnalyzeAction
      buildConfiguration = "Debug">
   </AnalyzeAction>
   <ArchiveAction
      buildConfiguration = "Release"
      revealArchiveInOrganizer = "YES">
   </ArchiveAction>
</Scheme>
